// !$*UTF8*$!
{
	archiveVersion = 1;
	classes = {
	};
	objectVersion = 50;
	objects = {

/* Begin PBXBuildFile section */
		0D3806D524B9605E00E8EF15 /* AppDelegate.swift in Sources */ = {isa = PBXBuildFile; fileRef = 0D3806D424B9605E00E8EF15 /* AppDelegate.swift */; };
		0D3806D724B9605E00E8EF15 /* ContentView.swift in Sources */ = {isa = PBXBuildFile; fileRef = 0D3806D624B9605E00E8EF15 /* ContentView.swift */; };
		0D3806D924B9605F00E8EF15 /* Assets.xcassets in Resources */ = {isa = PBXBuildFile; fileRef = 0D3806D824B9605F00E8EF15 /* Assets.xcassets */; };
		0D3806DC24B9605F00E8EF15 /* Preview Assets.xcassets in Resources */ = {isa = PBXBuildFile; fileRef = 0D3806DB24B9605F00E8EF15 /* Preview Assets.xcassets */; };
		0D3806DF24B9605F00E8EF15 /* Main.storyboard in Resources */ = {isa = PBXBuildFile; fileRef = 0D3806DD24B9605F00E8EF15 /* Main.storyboard */; };
		0D3806EB24B9605F00E8EF15 /* MacLandmarksTests.swift in Sources */ = {isa = PBXBuildFile; fileRef = 0D3806EA24B9605F00E8EF15 /* MacLandmarksTests.swift */; };
		0D3806F624B9605F00E8EF15 /* MacLandmarksUITests.swift in Sources */ = {isa = PBXBuildFile; fileRef = 0D3806F524B9605F00E8EF15 /* MacLandmarksUITests.swift */; };
		0D38070124B961F100E8EF15 /* Data.swift in Sources */ = {isa = PBXBuildFile; fileRef = 0D85F10024AAFFF70085765E /* Data.swift */; };
		0D38070224B961F100E8EF15 /* Landmark.swift in Sources */ = {isa = PBXBuildFile; fileRef = 0D85F10224AB00160085765E /* Landmark.swift */; };
		0D38070324B961F100E8EF15 /* UserData.swift in Sources */ = {isa = PBXBuildFile; fileRef = 0DB9182524AC2F40000A7C8D /* UserData.swift */; };
		0D38070424B961F100E8EF15 /* Hike.swift in Sources */ = {isa = PBXBuildFile; fileRef = 0DB9183324ADB91D000A7C8D /* Hike.swift */; };
		0D38070524B961F100E8EF15 /* Profile.swift in Sources */ = {isa = PBXBuildFile; fileRef = 0DB9184224B4221F000A7C8D /* Profile.swift */; };
		0D38070624B961F900E8EF15 /* landmarkData.json in Resources */ = {isa = PBXBuildFile; fileRef = 0D85F12B24AB03990085765E /* landmarkData.json */; };
		0D38070724B961F900E8EF15 /* hikeData.json in Resources */ = {isa = PBXBuildFile; fileRef = 0DB9183C24ADBC46000A7C8D /* hikeData.json */; };
		0D38070824B961F900E8EF15 /* charleyrivers_feature.jpg in Resources */ = {isa = PBXBuildFile; fileRef = 0DB9185524B56E99000A7C8D /* charleyrivers_feature.jpg */; };
		0D38070924B961F900E8EF15 /* stmarylake_feature.jpg in Resources */ = {isa = PBXBuildFile; fileRef = 0DB9185324B56E99000A7C8D /* stmarylake_feature.jpg */; };
		0D38070A24B961F900E8EF15 /* turtlerock_feature.jpg in Resources */ = {isa = PBXBuildFile; fileRef = 0DB9185424B56E99000A7C8D /* turtlerock_feature.jpg */; };
		0D38070B24B961F900E8EF15 /* chilkoottrail.jpg in Resources */ = {isa = PBXBuildFile; fileRef = 0D85F11F24AB03990085765E /* chilkoottrail.jpg */; };
		0D38070C24B961F900E8EF15 /* chincoteague.jpg in Resources */ = {isa = PBXBuildFile; fileRef = 0D85F12624AB03990085765E /* chincoteague.jpg */; };
		0D38070D24B961F900E8EF15 /* hiddenlake.jpg in Resources */ = {isa = PBXBuildFile; fileRef = 0D85F12324AB03990085765E /* hiddenlake.jpg */; };
		0D38070E24B961F900E8EF15 /* icybay.jpg in Resources */ = {isa = PBXBuildFile; fileRef = 0D85F12824AB03990085765E /* icybay.jpg */; };
		0D38070F24B961F900E8EF15 /* lakemcdonald.jpg in Resources */ = {isa = PBXBuildFile; fileRef = 0D85F12224AB03990085765E /* lakemcdonald.jpg */; };
		0D38071024B961F900E8EF15 /* rainbowlake.jpg in Resources */ = {isa = PBXBuildFile; fileRef = 0D85F12124AB03990085765E /* rainbowlake.jpg */; };
		0D38071124B961F900E8EF15 /* silversalmoncreek.jpg in Resources */ = {isa = PBXBuildFile; fileRef = 0D85F12A24AB03990085765E /* silversalmoncreek.jpg */; };
		0D38071224B961F900E8EF15 /* stmarylake.jpg in Resources */ = {isa = PBXBuildFile; fileRef = 0D85F12924AB03990085765E /* stmarylake.jpg */; };
		0D38071324B961F900E8EF15 /* turtlerock.jpg in Resources */ = {isa = PBXBuildFile; fileRef = 0D85F12524AB03990085765E /* turtlerock.jpg */; };
		0D38071424B961F900E8EF15 /* twinlake.jpg in Resources */ = {isa = PBXBuildFile; fileRef = 0D85F12024AB03990085765E /* twinlake.jpg */; };
		0D38071524B961F900E8EF15 /* umbagog.jpg in Resources */ = {isa = PBXBuildFile; fileRef = 0D85F12424AB03990085765E /* umbagog.jpg */; };
		0D38071624B961F900E8EF15 /* charleyrivers.jpg in Resources */ = {isa = PBXBuildFile; fileRef = 0D85F12724AB03990085765E /* charleyrivers.jpg */; };
		0D38071824B962F300E8EF15 /* LandmarkRow.swift in Sources */ = {isa = PBXBuildFile; fileRef = 0D38071724B962F300E8EF15 /* LandmarkRow.swift */; };
		0D38071A24B96EE800E8EF15 /* LandmarkList.swift in Sources */ = {isa = PBXBuildFile; fileRef = 0D38071924B96EE800E8EF15 /* LandmarkList.swift */; };
		0D38071C24B9756A00E8EF15 /* Filter.swift in Sources */ = {isa = PBXBuildFile; fileRef = 0D38071B24B9756A00E8EF15 /* Filter.swift */; };
		0D85F0BB24A5EF0F0085765E /* AppDelegate.swift in Sources */ = {isa = PBXBuildFile; fileRef = 0D85F0BA24A5EF0F0085765E /* AppDelegate.swift */; };
		0D85F0BD24A5EF0F0085765E /* SceneDelegate.swift in Sources */ = {isa = PBXBuildFile; fileRef = 0D85F0BC24A5EF0F0085765E /* SceneDelegate.swift */; };
		0D85F0C124A5EF100085765E /* Assets.xcassets in Resources */ = {isa = PBXBuildFile; fileRef = 0D85F0C024A5EF100085765E /* Assets.xcassets */; };
		0D85F0C424A5EF100085765E /* Preview Assets.xcassets in Resources */ = {isa = PBXBuildFile; fileRef = 0D85F0C324A5EF100085765E /* Preview Assets.xcassets */; };
		0D85F0C724A5EF100085765E /* LaunchScreen.storyboard in Resources */ = {isa = PBXBuildFile; fileRef = 0D85F0C524A5EF100085765E /* LaunchScreen.storyboard */; };
		0D85F0D224A5EF100085765E /* LandmarksTests.swift in Sources */ = {isa = PBXBuildFile; fileRef = 0D85F0D124A5EF100085765E /* LandmarksTests.swift */; };
		0D85F0DD24A5EF100085765E /* LandmarksUITests.swift in Sources */ = {isa = PBXBuildFile; fileRef = 0D85F0DC24A5EF100085765E /* LandmarksUITests.swift */; };
		0D85F0F424A753970085765E /* CircleImage.swift in Sources */ = {isa = PBXBuildFile; fileRef = 0D85F0F324A753970085765E /* CircleImage.swift */; };
		0D85F0F624A993330085765E /* MapView.swift in Sources */ = {isa = PBXBuildFile; fileRef = 0D85F0F524A993330085765E /* MapView.swift */; };
		0D85F0FF24AAFFBA0085765E /* LandmarkDetail.swift in Sources */ = {isa = PBXBuildFile; fileRef = 0D85F0FE24AAFFBA0085765E /* LandmarkDetail.swift */; };
		0D85F10124AAFFF70085765E /* Data.swift in Sources */ = {isa = PBXBuildFile; fileRef = 0D85F10024AAFFF70085765E /* Data.swift */; };
		0D85F10324AB00160085765E /* Landmark.swift in Sources */ = {isa = PBXBuildFile; fileRef = 0D85F10224AB00160085765E /* Landmark.swift */; };
		0D85F12C24AB03990085765E /* chilkoottrail.jpg in Resources */ = {isa = PBXBuildFile; fileRef = 0D85F11F24AB03990085765E /* chilkoottrail.jpg */; };
		0D85F12D24AB03990085765E /* twinlake.jpg in Resources */ = {isa = PBXBuildFile; fileRef = 0D85F12024AB03990085765E /* twinlake.jpg */; };
		0D85F12E24AB03990085765E /* rainbowlake.jpg in Resources */ = {isa = PBXBuildFile; fileRef = 0D85F12124AB03990085765E /* rainbowlake.jpg */; };
		0D85F12F24AB03990085765E /* lakemcdonald.jpg in Resources */ = {isa = PBXBuildFile; fileRef = 0D85F12224AB03990085765E /* lakemcdonald.jpg */; };
		0D85F13024AB03990085765E /* hiddenlake.jpg in Resources */ = {isa = PBXBuildFile; fileRef = 0D85F12324AB03990085765E /* hiddenlake.jpg */; };
		0D85F13124AB03990085765E /* umbagog.jpg in Resources */ = {isa = PBXBuildFile; fileRef = 0D85F12424AB03990085765E /* umbagog.jpg */; };
		0D85F13224AB03990085765E /* turtlerock.jpg in Resources */ = {isa = PBXBuildFile; fileRef = 0D85F12524AB03990085765E /* turtlerock.jpg */; };
		0D85F13324AB03990085765E /* chincoteague.jpg in Resources */ = {isa = PBXBuildFile; fileRef = 0D85F12624AB03990085765E /* chincoteague.jpg */; };
		0D85F13424AB03990085765E /* charleyrivers.jpg in Resources */ = {isa = PBXBuildFile; fileRef = 0D85F12724AB03990085765E /* charleyrivers.jpg */; };
		0D85F13524AB03990085765E /* icybay.jpg in Resources */ = {isa = PBXBuildFile; fileRef = 0D85F12824AB03990085765E /* icybay.jpg */; };
		0D85F13624AB03990085765E /* stmarylake.jpg in Resources */ = {isa = PBXBuildFile; fileRef = 0D85F12924AB03990085765E /* stmarylake.jpg */; };
		0D85F13724AB03990085765E /* silversalmoncreek.jpg in Resources */ = {isa = PBXBuildFile; fileRef = 0D85F12A24AB03990085765E /* silversalmoncreek.jpg */; };
		0D85F13824AB03990085765E /* landmarkData.json in Resources */ = {isa = PBXBuildFile; fileRef = 0D85F12B24AB03990085765E /* landmarkData.json */; };
		0D85F13A24AB05C00085765E /* LandmarkRow.swift in Sources */ = {isa = PBXBuildFile; fileRef = 0D85F13924AB05C00085765E /* LandmarkRow.swift */; };
		0D85F13C24AB18610085765E /* LandmarkList.swift in Sources */ = {isa = PBXBuildFile; fileRef = 0D85F13B24AB18610085765E /* LandmarkList.swift */; };
		0DB9182624AC2F40000A7C8D /* UserData.swift in Sources */ = {isa = PBXBuildFile; fileRef = 0DB9182524AC2F40000A7C8D /* UserData.swift */; };
		0DB9182824AD83D6000A7C8D /* BadgeBackground.swift in Sources */ = {isa = PBXBuildFile; fileRef = 0DB9182724AD83D6000A7C8D /* BadgeBackground.swift */; };
		0DB9182A24AD8521000A7C8D /* HexagonParameters.swift in Sources */ = {isa = PBXBuildFile; fileRef = 0DB9182924AD8521000A7C8D /* HexagonParameters.swift */; };
		0DB9182C24AD924F000A7C8D /* Badge.swift in Sources */ = {isa = PBXBuildFile; fileRef = 0DB9182B24AD924F000A7C8D /* Badge.swift */; };
		0DB9182E24AD92F1000A7C8D /* BadgeSymbol.swift in Sources */ = {isa = PBXBuildFile; fileRef = 0DB9182D24AD92F1000A7C8D /* BadgeSymbol.swift */; };
		0DB9183024AD9BA0000A7C8D /* RotatedBadgeSymbol.swift in Sources */ = {isa = PBXBuildFile; fileRef = 0DB9182F24AD9BA0000A7C8D /* RotatedBadgeSymbol.swift */; };
		0DB9183224ADB87D000A7C8D /* HikeView.swift in Sources */ = {isa = PBXBuildFile; fileRef = 0DB9183124ADB87D000A7C8D /* HikeView.swift */; };
		0DB9183424ADB91D000A7C8D /* Hike.swift in Sources */ = {isa = PBXBuildFile; fileRef = 0DB9183324ADB91D000A7C8D /* Hike.swift */; };
		0DB9183624ADB961000A7C8D /* HikeDetail.swift in Sources */ = {isa = PBXBuildFile; fileRef = 0DB9183524ADB961000A7C8D /* HikeDetail.swift */; };
		0DB9183824ADB9A0000A7C8D /* HikeGraph.swift in Sources */ = {isa = PBXBuildFile; fileRef = 0DB9183724ADB9A0000A7C8D /* HikeGraph.swift */; };
		0DB9183A24ADB9C8000A7C8D /* GraphCapsule.swift in Sources */ = {isa = PBXBuildFile; fileRef = 0DB9183924ADB9C8000A7C8D /* GraphCapsule.swift */; };
		0DB9183D24ADBC46000A7C8D /* hikeData.json in Resources */ = {isa = PBXBuildFile; fileRef = 0DB9183C24ADBC46000A7C8D /* hikeData.json */; };
		0DB9183F24B2C564000A7C8D /* Home.swift in Sources */ = {isa = PBXBuildFile; fileRef = 0DB9183E24B2C564000A7C8D /* Home.swift */; };
		0DB9184124B2CD87000A7C8D /* CategoryRow.swift in Sources */ = {isa = PBXBuildFile; fileRef = 0DB9184024B2CD87000A7C8D /* CategoryRow.swift */; };
		0DB9184324B4221F000A7C8D /* Profile.swift in Sources */ = {isa = PBXBuildFile; fileRef = 0DB9184224B4221F000A7C8D /* Profile.swift */; };
		0DB9184624B4227B000A7C8D /* ProfileHost.swift in Sources */ = {isa = PBXBuildFile; fileRef = 0DB9184524B4227B000A7C8D /* ProfileHost.swift */; };
		0DB9184824B4249B000A7C8D /* ProfileSummary.swift in Sources */ = {isa = PBXBuildFile; fileRef = 0DB9184724B4249B000A7C8D /* ProfileSummary.swift */; };
		0DB9184A24B42789000A7C8D /* HikeBadge.swift in Sources */ = {isa = PBXBuildFile; fileRef = 0DB9184924B42789000A7C8D /* HikeBadge.swift */; };
		0DB9184C24B43226000A7C8D /* ProfileEditor.swift in Sources */ = {isa = PBXBuildFile; fileRef = 0DB9184B24B43226000A7C8D /* ProfileEditor.swift */; };
		0DB9184E24B560A3000A7C8D /* PageViewController.swift in Sources */ = {isa = PBXBuildFile; fileRef = 0DB9184D24B560A3000A7C8D /* PageViewController.swift */; };
		0DB9185024B563A0000A7C8D /* PageView.swift in Sources */ = {isa = PBXBuildFile; fileRef = 0DB9184F24B563A0000A7C8D /* PageView.swift */; };
		0DB9185224B5654D000A7C8D /* FeatureCard.swift in Sources */ = {isa = PBXBuildFile; fileRef = 0DB9185124B5654D000A7C8D /* FeatureCard.swift */; };
		0DB9185624B56E99000A7C8D /* stmarylake_feature.jpg in Resources */ = {isa = PBXBuildFile; fileRef = 0DB9185324B56E99000A7C8D /* stmarylake_feature.jpg */; };
		0DB9185724B56E99000A7C8D /* turtlerock_feature.jpg in Resources */ = {isa = PBXBuildFile; fileRef = 0DB9185424B56E99000A7C8D /* turtlerock_feature.jpg */; };
		0DB9185824B56E99000A7C8D /* charleyrivers_feature.jpg in Resources */ = {isa = PBXBuildFile; fileRef = 0DB9185524B56E99000A7C8D /* charleyrivers_feature.jpg */; };
		0DB9185E24B57D18000A7C8D /* PageControl.swift in Sources */ = {isa = PBXBuildFile; fileRef = 0DB9185D24B57D18000A7C8D /* PageControl.swift */; };
		0DB9186524B6B8D0000A7C8D /* Interface.storyboard in Resources */ = {isa = PBXBuildFile; fileRef = 0DB9186324B6B8D0000A7C8D /* Interface.storyboard */; };
		0DB9186724B6B8D2000A7C8D /* Assets.xcassets in Resources */ = {isa = PBXBuildFile; fileRef = 0DB9186624B6B8D2000A7C8D /* Assets.xcassets */; };
		0DB9186E24B6B8D2000A7C8D /* WatchLandmarks Extension.appex in Embed App Extensions */ = {isa = PBXBuildFile; fileRef = 0DB9186D24B6B8D2000A7C8D /* WatchLandmarks Extension.appex */; settings = {ATTRIBUTES = (RemoveHeadersOnCopy, ); }; };
		0DB9187324B6B8D2000A7C8D /* ContentView.swift in Sources */ = {isa = PBXBuildFile; fileRef = 0DB9187224B6B8D2000A7C8D /* ContentView.swift */; };
		0DB9187524B6B8D2000A7C8D /* HostingController.swift in Sources */ = {isa = PBXBuildFile; fileRef = 0DB9187424B6B8D2000A7C8D /* HostingController.swift */; };
		0DB9187724B6B8D2000A7C8D /* ExtensionDelegate.swift in Sources */ = {isa = PBXBuildFile; fileRef = 0DB9187624B6B8D2000A7C8D /* ExtensionDelegate.swift */; };
		0DB9187924B6B8D2000A7C8D /* NotificationController.swift in Sources */ = {isa = PBXBuildFile; fileRef = 0DB9187824B6B8D2000A7C8D /* NotificationController.swift */; };
		0DB9187B24B6B8D2000A7C8D /* NotificationView.swift in Sources */ = {isa = PBXBuildFile; fileRef = 0DB9187A24B6B8D2000A7C8D /* NotificationView.swift */; };
		0DB9187D24B6B8D3000A7C8D /* Assets.xcassets in Resources */ = {isa = PBXBuildFile; fileRef = 0DB9187C24B6B8D3000A7C8D /* Assets.xcassets */; };
		0DB9188024B6B8D3000A7C8D /* Preview Assets.xcassets in Resources */ = {isa = PBXBuildFile; fileRef = 0DB9187F24B6B8D3000A7C8D /* Preview Assets.xcassets */; };
		0DB9188524B6B8D3000A7C8D /* WatchLandmarks.app in Embed Watch Content */ = {isa = PBXBuildFile; fileRef = 0DB9186124B6B8D0000A7C8D /* WatchLandmarks.app */; settings = {ATTRIBUTES = (RemoveHeadersOnCopy, ); }; };
		0DB9188E24B84172000A7C8D /* LandmarkRow.swift in Sources */ = {isa = PBXBuildFile; fileRef = 0D85F13924AB05C00085765E /* LandmarkRow.swift */; };
		0DB9188F24B84172000A7C8D /* Data.swift in Sources */ = {isa = PBXBuildFile; fileRef = 0D85F10024AAFFF70085765E /* Data.swift */; };
		0DB9189024B84172000A7C8D /* Landmark.swift in Sources */ = {isa = PBXBuildFile; fileRef = 0D85F10224AB00160085765E /* Landmark.swift */; };
		0DB9189124B84172000A7C8D /* UserData.swift in Sources */ = {isa = PBXBuildFile; fileRef = 0DB9182524AC2F40000A7C8D /* UserData.swift */; };
		0DB9189224B84172000A7C8D /* Hike.swift in Sources */ = {isa = PBXBuildFile; fileRef = 0DB9183324ADB91D000A7C8D /* Hike.swift */; };
		0DB9189324B84172000A7C8D /* Profile.swift in Sources */ = {isa = PBXBuildFile; fileRef = 0DB9184224B4221F000A7C8D /* Profile.swift */; };
		0DB9189424B84172000A7C8D /* CircleImage.swift in Sources */ = {isa = PBXBuildFile; fileRef = 0D85F0F324A753970085765E /* CircleImage.swift */; };
		0DB9189524B841AC000A7C8D /* Assets.xcassets in Resources */ = {isa = PBXBuildFile; fileRef = 0D85F0C024A5EF100085765E /* Assets.xcassets */; };
		0DB9189624B841F1000A7C8D /* landmarkData.json in Resources */ = {isa = PBXBuildFile; fileRef = 0D85F12B24AB03990085765E /* landmarkData.json */; };
		0DB9189724B841F1000A7C8D /* hikeData.json in Resources */ = {isa = PBXBuildFile; fileRef = 0DB9183C24ADBC46000A7C8D /* hikeData.json */; };
		0DB9189824B841F1000A7C8D /* charleyrivers_feature.jpg in Resources */ = {isa = PBXBuildFile; fileRef = 0DB9185524B56E99000A7C8D /* charleyrivers_feature.jpg */; };
		0DB9189924B841F1000A7C8D /* stmarylake_feature.jpg in Resources */ = {isa = PBXBuildFile; fileRef = 0DB9185324B56E99000A7C8D /* stmarylake_feature.jpg */; };
		0DB9189A24B841F1000A7C8D /* turtlerock_feature.jpg in Resources */ = {isa = PBXBuildFile; fileRef = 0DB9185424B56E99000A7C8D /* turtlerock_feature.jpg */; };
		0DB9189B24B841F1000A7C8D /* chilkoottrail.jpg in Resources */ = {isa = PBXBuildFile; fileRef = 0D85F11F24AB03990085765E /* chilkoottrail.jpg */; };
		0DB9189C24B841F1000A7C8D /* chincoteague.jpg in Resources */ = {isa = PBXBuildFile; fileRef = 0D85F12624AB03990085765E /* chincoteague.jpg */; };
		0DB9189D24B841F1000A7C8D /* hiddenlake.jpg in Resources */ = {isa = PBXBuildFile; fileRef = 0D85F12324AB03990085765E /* hiddenlake.jpg */; };
		0DB9189E24B841F1000A7C8D /* icybay.jpg in Resources */ = {isa = PBXBuildFile; fileRef = 0D85F12824AB03990085765E /* icybay.jpg */; };
		0DB9189F24B841F1000A7C8D /* lakemcdonald.jpg in Resources */ = {isa = PBXBuildFile; fileRef = 0D85F12224AB03990085765E /* lakemcdonald.jpg */; };
		0DB918A024B841F1000A7C8D /* rainbowlake.jpg in Resources */ = {isa = PBXBuildFile; fileRef = 0D85F12124AB03990085765E /* rainbowlake.jpg */; };
		0DB918A124B841F1000A7C8D /* silversalmoncreek.jpg in Resources */ = {isa = PBXBuildFile; fileRef = 0D85F12A24AB03990085765E /* silversalmoncreek.jpg */; };
		0DB918A224B841F1000A7C8D /* stmarylake.jpg in Resources */ = {isa = PBXBuildFile; fileRef = 0D85F12924AB03990085765E /* stmarylake.jpg */; };
		0DB918A324B841F1000A7C8D /* turtlerock.jpg in Resources */ = {isa = PBXBuildFile; fileRef = 0D85F12524AB03990085765E /* turtlerock.jpg */; };
		0DB918A424B841F1000A7C8D /* twinlake.jpg in Resources */ = {isa = PBXBuildFile; fileRef = 0D85F12024AB03990085765E /* twinlake.jpg */; };
		0DB918A524B841F1000A7C8D /* umbagog.jpg in Resources */ = {isa = PBXBuildFile; fileRef = 0D85F12424AB03990085765E /* umbagog.jpg */; };
		0DB918A624B841F1000A7C8D /* charleyrivers.jpg in Resources */ = {isa = PBXBuildFile; fileRef = 0D85F12724AB03990085765E /* charleyrivers.jpg */; };
		0DB918A824B84450000A7C8D /* WatchLandmarkDetail.swift in Sources */ = {isa = PBXBuildFile; fileRef = 0DB918A724B84450000A7C8D /* WatchLandmarkDetail.swift */; };
		0DB918AA24B84C59000A7C8D /* WatchMapView.swift in Sources */ = {isa = PBXBuildFile; fileRef = 0DB918A924B84C59000A7C8D /* WatchMapView.swift */; };
		0DB918AB24B87074000A7C8D /* LandmarkList.swift in Sources */ = {isa = PBXBuildFile; fileRef = 0D85F13B24AB18610085765E /* LandmarkList.swift */; };
/* End PBXBuildFile section */

/* Begin PBXContainerItemProxy section */
		0D3806E724B9605F00E8EF15 /* PBXContainerItemProxy */ = {
			isa = PBXContainerItemProxy;
			containerPortal = 0D85F0AF24A5EF0F0085765E /* Project object */;
			proxyType = 1;
			remoteGlobalIDString = 0D3806D124B9605E00E8EF15;
			remoteInfo = MacLandmarks;
		};
		0D3806F224B9605F00E8EF15 /* PBXContainerItemProxy */ = {
			isa = PBXContainerItemProxy;
			containerPortal = 0D85F0AF24A5EF0F0085765E /* Project object */;
			proxyType = 1;
			remoteGlobalIDString = 0D3806D124B9605E00E8EF15;
			remoteInfo = MacLandmarks;
		};
		0D85F0CE24A5EF100085765E /* PBXContainerItemProxy */ = {
			isa = PBXContainerItemProxy;
			containerPortal = 0D85F0AF24A5EF0F0085765E /* Project object */;
			proxyType = 1;
			remoteGlobalIDString = 0D85F0B624A5EF0F0085765E;
			remoteInfo = Landmarks;
		};
		0D85F0D924A5EF100085765E /* PBXContainerItemProxy */ = {
			isa = PBXContainerItemProxy;
			containerPortal = 0D85F0AF24A5EF0F0085765E /* Project object */;
			proxyType = 1;
			remoteGlobalIDString = 0D85F0B624A5EF0F0085765E;
			remoteInfo = Landmarks;
		};
		0DB9186F24B6B8D2000A7C8D /* PBXContainerItemProxy */ = {
			isa = PBXContainerItemProxy;
			containerPortal = 0D85F0AF24A5EF0F0085765E /* Project object */;
			proxyType = 1;
			remoteGlobalIDString = 0DB9186C24B6B8D2000A7C8D;
			remoteInfo = "WatchLandmarks Extension";
		};
		0DB9188324B6B8D3000A7C8D /* PBXContainerItemProxy */ = {
			isa = PBXContainerItemProxy;
			containerPortal = 0D85F0AF24A5EF0F0085765E /* Project object */;
			proxyType = 1;
			remoteGlobalIDString = 0DB9186024B6B8D0000A7C8D;
			remoteInfo = WatchLandmarks;
		};
/* End PBXContainerItemProxy section */

/* Begin PBXCopyFilesBuildPhase section */
		0DB9188624B6B8D3000A7C8D /* Embed Watch Content */ = {
			isa = PBXCopyFilesBuildPhase;
			buildActionMask = 2147483647;
			dstPath = "$(CONTENTS_FOLDER_PATH)/Watch";
			dstSubfolderSpec = 16;
			files = (
				0DB9188524B6B8D3000A7C8D /* WatchLandmarks.app in Embed Watch Content */,
			);
			name = "Embed Watch Content";
			runOnlyForDeploymentPostprocessing = 0;
		};
		0DB9188924B6B8D3000A7C8D /* Embed App Extensions */ = {
			isa = PBXCopyFilesBuildPhase;
			buildActionMask = 2147483647;
			dstPath = "";
			dstSubfolderSpec = 13;
			files = (
				0DB9186E24B6B8D2000A7C8D /* WatchLandmarks Extension.appex in Embed App Extensions */,
			);
			name = "Embed App Extensions";
			runOnlyForDeploymentPostprocessing = 0;
		};
/* End PBXCopyFilesBuildPhase section */

/* Begin PBXFileReference section */
		0D3806D224B9605E00E8EF15 /* MacLandmarks.app */ = {isa = PBXFileReference; explicitFileType = wrapper.application; includeInIndex = 0; path = MacLandmarks.app; sourceTree = BUILT_PRODUCTS_DIR; };
		0D3806D424B9605E00E8EF15 /* AppDelegate.swift */ = {isa = PBXFileReference; lastKnownFileType = sourcecode.swift; path = AppDelegate.swift; sourceTree = "<group>"; };
		0D3806D624B9605E00E8EF15 /* ContentView.swift */ = {isa = PBXFileReference; lastKnownFileType = sourcecode.swift; path = ContentView.swift; sourceTree = "<group>"; };
		0D3806D824B9605F00E8EF15 /* Assets.xcassets */ = {isa = PBXFileReference; lastKnownFileType = folder.assetcatalog; path = Assets.xcassets; sourceTree = "<group>"; };
		0D3806DB24B9605F00E8EF15 /* Preview Assets.xcassets */ = {isa = PBXFileReference; lastKnownFileType = folder.assetcatalog; path = "Preview Assets.xcassets"; sourceTree = "<group>"; };
		0D3806DE24B9605F00E8EF15 /* Base */ = {isa = PBXFileReference; lastKnownFileType = file.storyboard; name = Base; path = Base.lproj/Main.storyboard; sourceTree = "<group>"; };
		0D3806E024B9605F00E8EF15 /* Info.plist */ = {isa = PBXFileReference; lastKnownFileType = text.plist.xml; path = Info.plist; sourceTree = "<group>"; };
		0D3806E124B9605F00E8EF15 /* MacLandmarks.entitlements */ = {isa = PBXFileReference; lastKnownFileType = text.plist.entitlements; path = MacLandmarks.entitlements; sourceTree = "<group>"; };
		0D3806E624B9605F00E8EF15 /* MacLandmarksTests.xctest */ = {isa = PBXFileReference; explicitFileType = wrapper.cfbundle; includeInIndex = 0; path = MacLandmarksTests.xctest; sourceTree = BUILT_PRODUCTS_DIR; };
		0D3806EA24B9605F00E8EF15 /* MacLandmarksTests.swift */ = {isa = PBXFileReference; lastKnownFileType = sourcecode.swift; path = MacLandmarksTests.swift; sourceTree = "<group>"; };
		0D3806EC24B9605F00E8EF15 /* Info.plist */ = {isa = PBXFileReference; lastKnownFileType = text.plist.xml; path = Info.plist; sourceTree = "<group>"; };
		0D3806F124B9605F00E8EF15 /* MacLandmarksUITests.xctest */ = {isa = PBXFileReference; explicitFileType = wrapper.cfbundle; includeInIndex = 0; path = MacLandmarksUITests.xctest; sourceTree = BUILT_PRODUCTS_DIR; };
		0D3806F524B9605F00E8EF15 /* MacLandmarksUITests.swift */ = {isa = PBXFileReference; lastKnownFileType = sourcecode.swift; path = MacLandmarksUITests.swift; sourceTree = "<group>"; };
		0D3806F724B9605F00E8EF15 /* Info.plist */ = {isa = PBXFileReference; lastKnownFileType = text.plist.xml; path = Info.plist; sourceTree = "<group>"; };
		0D38071724B962F300E8EF15 /* LandmarkRow.swift */ = {isa = PBXFileReference; lastKnownFileType = sourcecode.swift; path = LandmarkRow.swift; sourceTree = "<group>"; };
		0D38071924B96EE800E8EF15 /* LandmarkList.swift */ = {isa = PBXFileReference; lastKnownFileType = sourcecode.swift; path = LandmarkList.swift; sourceTree = "<group>"; };
		0D38071B24B9756A00E8EF15 /* Filter.swift */ = {isa = PBXFileReference; lastKnownFileType = sourcecode.swift; path = Filter.swift; sourceTree = "<group>"; };
		0D85F0B724A5EF0F0085765E /* Landmarks.app */ = {isa = PBXFileReference; explicitFileType = wrapper.application; includeInIndex = 0; path = Landmarks.app; sourceTree = BUILT_PRODUCTS_DIR; };
		0D85F0BA24A5EF0F0085765E /* AppDelegate.swift */ = {isa = PBXFileReference; lastKnownFileType = sourcecode.swift; path = AppDelegate.swift; sourceTree = "<group>"; };
		0D85F0BC24A5EF0F0085765E /* SceneDelegate.swift */ = {isa = PBXFileReference; lastKnownFileType = sourcecode.swift; path = SceneDelegate.swift; sourceTree = "<group>"; };
		0D85F0C024A5EF100085765E /* Assets.xcassets */ = {isa = PBXFileReference; lastKnownFileType = folder.assetcatalog; path = Assets.xcassets; sourceTree = "<group>"; };
		0D85F0C324A5EF100085765E /* Preview Assets.xcassets */ = {isa = PBXFileReference; lastKnownFileType = folder.assetcatalog; path = "Preview Assets.xcassets"; sourceTree = "<group>"; };
		0D85F0C624A5EF100085765E /* Base */ = {isa = PBXFileReference; lastKnownFileType = file.storyboard; name = Base; path = Base.lproj/LaunchScreen.storyboard; sourceTree = "<group>"; };
		0D85F0C824A5EF100085765E /* Info.plist */ = {isa = PBXFileReference; lastKnownFileType = text.plist.xml; path = Info.plist; sourceTree = "<group>"; };
		0D85F0CD24A5EF100085765E /* LandmarksTests.xctest */ = {isa = PBXFileReference; explicitFileType = wrapper.cfbundle; includeInIndex = 0; path = LandmarksTests.xctest; sourceTree = BUILT_PRODUCTS_DIR; };
		0D85F0D124A5EF100085765E /* LandmarksTests.swift */ = {isa = PBXFileReference; lastKnownFileType = sourcecode.swift; path = LandmarksTests.swift; sourceTree = "<group>"; };
		0D85F0D324A5EF100085765E /* Info.plist */ = {isa = PBXFileReference; lastKnownFileType = text.plist.xml; path = Info.plist; sourceTree = "<group>"; };
		0D85F0D824A5EF100085765E /* LandmarksUITests.xctest */ = {isa = PBXFileReference; explicitFileType = wrapper.cfbundle; includeInIndex = 0; path = LandmarksUITests.xctest; sourceTree = BUILT_PRODUCTS_DIR; };
		0D85F0DC24A5EF100085765E /* LandmarksUITests.swift */ = {isa = PBXFileReference; lastKnownFileType = sourcecode.swift; path = LandmarksUITests.swift; sourceTree = "<group>"; };
		0D85F0DE24A5EF100085765E /* Info.plist */ = {isa = PBXFileReference; lastKnownFileType = text.plist.xml; path = Info.plist; sourceTree = "<group>"; };
		0D85F0F324A753970085765E /* CircleImage.swift */ = {isa = PBXFileReference; lastKnownFileType = sourcecode.swift; path = CircleImage.swift; sourceTree = "<group>"; };
		0D85F0F524A993330085765E /* MapView.swift */ = {isa = PBXFileReference; lastKnownFileType = sourcecode.swift; path = MapView.swift; sourceTree = "<group>"; };
		0D85F0FE24AAFFBA0085765E /* LandmarkDetail.swift */ = {isa = PBXFileReference; lastKnownFileType = sourcecode.swift; path = LandmarkDetail.swift; sourceTree = "<group>"; };
		0D85F10024AAFFF70085765E /* Data.swift */ = {isa = PBXFileReference; lastKnownFileType = sourcecode.swift; path = Data.swift; sourceTree = "<group>"; };
		0D85F10224AB00160085765E /* Landmark.swift */ = {isa = PBXFileReference; lastKnownFileType = sourcecode.swift; path = Landmark.swift; sourceTree = "<group>"; };
		0D85F11F24AB03990085765E /* chilkoottrail.jpg */ = {isa = PBXFileReference; lastKnownFileType = image.jpeg; path = chilkoottrail.jpg; sourceTree = "<group>"; };
		0D85F12024AB03990085765E /* twinlake.jpg */ = {isa = PBXFileReference; lastKnownFileType = image.jpeg; path = twinlake.jpg; sourceTree = "<group>"; };
		0D85F12124AB03990085765E /* rainbowlake.jpg */ = {isa = PBXFileReference; lastKnownFileType = image.jpeg; path = rainbowlake.jpg; sourceTree = "<group>"; };
		0D85F12224AB03990085765E /* lakemcdonald.jpg */ = {isa = PBXFileReference; lastKnownFileType = image.jpeg; path = lakemcdonald.jpg; sourceTree = "<group>"; };
		0D85F12324AB03990085765E /* hiddenlake.jpg */ = {isa = PBXFileReference; lastKnownFileType = image.jpeg; path = hiddenlake.jpg; sourceTree = "<group>"; };
		0D85F12424AB03990085765E /* umbagog.jpg */ = {isa = PBXFileReference; lastKnownFileType = image.jpeg; path = umbagog.jpg; sourceTree = "<group>"; };
		0D85F12524AB03990085765E /* turtlerock.jpg */ = {isa = PBXFileReference; lastKnownFileType = image.jpeg; path = turtlerock.jpg; sourceTree = "<group>"; };
		0D85F12624AB03990085765E /* chincoteague.jpg */ = {isa = PBXFileReference; lastKnownFileType = image.jpeg; path = chincoteague.jpg; sourceTree = "<group>"; };
		0D85F12724AB03990085765E /* charleyrivers.jpg */ = {isa = PBXFileReference; lastKnownFileType = image.jpeg; path = charleyrivers.jpg; sourceTree = "<group>"; };
		0D85F12824AB03990085765E /* icybay.jpg */ = {isa = PBXFileReference; lastKnownFileType = image.jpeg; path = icybay.jpg; sourceTree = "<group>"; };
		0D85F12924AB03990085765E /* stmarylake.jpg */ = {isa = PBXFileReference; lastKnownFileType = image.jpeg; path = stmarylake.jpg; sourceTree = "<group>"; };
		0D85F12A24AB03990085765E /* silversalmoncreek.jpg */ = {isa = PBXFileReference; lastKnownFileType = image.jpeg; path = silversalmoncreek.jpg; sourceTree = "<group>"; };
		0D85F12B24AB03990085765E /* landmarkData.json */ = {isa = PBXFileReference; fileEncoding = 4; lastKnownFileType = text.json; path = landmarkData.json; sourceTree = "<group>"; };
		0D85F13924AB05C00085765E /* LandmarkRow.swift */ = {isa = PBXFileReference; lastKnownFileType = sourcecode.swift; path = LandmarkRow.swift; sourceTree = "<group>"; };
		0D85F13B24AB18610085765E /* LandmarkList.swift */ = {isa = PBXFileReference; lastKnownFileType = sourcecode.swift; path = LandmarkList.swift; sourceTree = "<group>"; };
		0DB9182524AC2F40000A7C8D /* UserData.swift */ = {isa = PBXFileReference; lastKnownFileType = sourcecode.swift; path = UserData.swift; sourceTree = "<group>"; };
		0DB9182724AD83D6000A7C8D /* BadgeBackground.swift */ = {isa = PBXFileReference; lastKnownFileType = sourcecode.swift; path = BadgeBackground.swift; sourceTree = "<group>"; };
		0DB9182924AD8521000A7C8D /* HexagonParameters.swift */ = {isa = PBXFileReference; lastKnownFileType = sourcecode.swift; path = HexagonParameters.swift; sourceTree = "<group>"; };
		0DB9182B24AD924F000A7C8D /* Badge.swift */ = {isa = PBXFileReference; lastKnownFileType = sourcecode.swift; path = Badge.swift; sourceTree = "<group>"; };
		0DB9182D24AD92F1000A7C8D /* BadgeSymbol.swift */ = {isa = PBXFileReference; lastKnownFileType = sourcecode.swift; path = BadgeSymbol.swift; sourceTree = "<group>"; };
		0DB9182F24AD9BA0000A7C8D /* RotatedBadgeSymbol.swift */ = {isa = PBXFileReference; lastKnownFileType = sourcecode.swift; path = RotatedBadgeSymbol.swift; sourceTree = "<group>"; };
		0DB9183124ADB87D000A7C8D /* HikeView.swift */ = {isa = PBXFileReference; lastKnownFileType = sourcecode.swift; path = HikeView.swift; sourceTree = "<group>"; };
		0DB9183324ADB91D000A7C8D /* Hike.swift */ = {isa = PBXFileReference; lastKnownFileType = sourcecode.swift; path = Hike.swift; sourceTree = "<group>"; };
		0DB9183524ADB961000A7C8D /* HikeDetail.swift */ = {isa = PBXFileReference; lastKnownFileType = sourcecode.swift; path = HikeDetail.swift; sourceTree = "<group>"; };
		0DB9183724ADB9A0000A7C8D /* HikeGraph.swift */ = {isa = PBXFileReference; lastKnownFileType = sourcecode.swift; path = HikeGraph.swift; sourceTree = "<group>"; };
		0DB9183924ADB9C8000A7C8D /* GraphCapsule.swift */ = {isa = PBXFileReference; lastKnownFileType = sourcecode.swift; path = GraphCapsule.swift; sourceTree = "<group>"; };
		0DB9183C24ADBC46000A7C8D /* hikeData.json */ = {isa = PBXFileReference; fileEncoding = 4; lastKnownFileType = text.json; path = hikeData.json; sourceTree = "<group>"; };
		0DB9183E24B2C564000A7C8D /* Home.swift */ = {isa = PBXFileReference; lastKnownFileType = sourcecode.swift; path = Home.swift; sourceTree = "<group>"; };
		0DB9184024B2CD87000A7C8D /* CategoryRow.swift */ = {isa = PBXFileReference; lastKnownFileType = sourcecode.swift; path = CategoryRow.swift; sourceTree = "<group>"; };
		0DB9184224B4221F000A7C8D /* Profile.swift */ = {isa = PBXFileReference; lastKnownFileType = sourcecode.swift; path = Profile.swift; sourceTree = "<group>"; };
		0DB9184524B4227B000A7C8D /* ProfileHost.swift */ = {isa = PBXFileReference; lastKnownFileType = sourcecode.swift; path = ProfileHost.swift; sourceTree = "<group>"; };
		0DB9184724B4249B000A7C8D /* ProfileSummary.swift */ = {isa = PBXFileReference; lastKnownFileType = sourcecode.swift; path = ProfileSummary.swift; sourceTree = "<group>"; };
		0DB9184924B42789000A7C8D /* HikeBadge.swift */ = {isa = PBXFileReference; lastKnownFileType = sourcecode.swift; path = HikeBadge.swift; sourceTree = "<group>"; };
		0DB9184B24B43226000A7C8D /* ProfileEditor.swift */ = {isa = PBXFileReference; lastKnownFileType = sourcecode.swift; path = ProfileEditor.swift; sourceTree = "<group>"; };
		0DB9184D24B560A3000A7C8D /* PageViewController.swift */ = {isa = PBXFileReference; lastKnownFileType = sourcecode.swift; path = PageViewController.swift; sourceTree = "<group>"; };
		0DB9184F24B563A0000A7C8D /* PageView.swift */ = {isa = PBXFileReference; lastKnownFileType = sourcecode.swift; path = PageView.swift; sourceTree = "<group>"; };
		0DB9185124B5654D000A7C8D /* FeatureCard.swift */ = {isa = PBXFileReference; lastKnownFileType = sourcecode.swift; path = FeatureCard.swift; sourceTree = "<group>"; };
		0DB9185324B56E99000A7C8D /* stmarylake_feature.jpg */ = {isa = PBXFileReference; lastKnownFileType = image.jpeg; path = stmarylake_feature.jpg; sourceTree = "<group>"; };
		0DB9185424B56E99000A7C8D /* turtlerock_feature.jpg */ = {isa = PBXFileReference; lastKnownFileType = image.jpeg; path = turtlerock_feature.jpg; sourceTree = "<group>"; };
		0DB9185524B56E99000A7C8D /* charleyrivers_feature.jpg */ = {isa = PBXFileReference; lastKnownFileType = image.jpeg; path = charleyrivers_feature.jpg; sourceTree = "<group>"; };
		0DB9185D24B57D18000A7C8D /* PageControl.swift */ = {isa = PBXFileReference; lastKnownFileType = sourcecode.swift; path = PageControl.swift; sourceTree = "<group>"; };
		0DB9186124B6B8D0000A7C8D /* WatchLandmarks.app */ = {isa = PBXFileReference; explicitFileType = wrapper.application; includeInIndex = 0; path = WatchLandmarks.app; sourceTree = BUILT_PRODUCTS_DIR; };
		0DB9186424B6B8D0000A7C8D /* Base */ = {isa = PBXFileReference; lastKnownFileType = file.storyboard; name = Base; path = Base.lproj/Interface.storyboard; sourceTree = "<group>"; };
		0DB9186624B6B8D2000A7C8D /* Assets.xcassets */ = {isa = PBXFileReference; lastKnownFileType = folder.assetcatalog; path = Assets.xcassets; sourceTree = "<group>"; };
		0DB9186824B6B8D2000A7C8D /* Info.plist */ = {isa = PBXFileReference; lastKnownFileType = text.plist.xml; path = Info.plist; sourceTree = "<group>"; };
		0DB9186D24B6B8D2000A7C8D /* WatchLandmarks Extension.appex */ = {isa = PBXFileReference; explicitFileType = "wrapper.app-extension"; includeInIndex = 0; path = "WatchLandmarks Extension.appex"; sourceTree = BUILT_PRODUCTS_DIR; };
		0DB9187224B6B8D2000A7C8D /* ContentView.swift */ = {isa = PBXFileReference; lastKnownFileType = sourcecode.swift; path = ContentView.swift; sourceTree = "<group>"; };
		0DB9187424B6B8D2000A7C8D /* HostingController.swift */ = {isa = PBXFileReference; lastKnownFileType = sourcecode.swift; path = HostingController.swift; sourceTree = "<group>"; };
		0DB9187624B6B8D2000A7C8D /* ExtensionDelegate.swift */ = {isa = PBXFileReference; lastKnownFileType = sourcecode.swift; path = ExtensionDelegate.swift; sourceTree = "<group>"; };
		0DB9187824B6B8D2000A7C8D /* NotificationController.swift */ = {isa = PBXFileReference; lastKnownFileType = sourcecode.swift; path = NotificationController.swift; sourceTree = "<group>"; };
		0DB9187A24B6B8D2000A7C8D /* NotificationView.swift */ = {isa = PBXFileReference; lastKnownFileType = sourcecode.swift; path = NotificationView.swift; sourceTree = "<group>"; };
		0DB9187C24B6B8D3000A7C8D /* Assets.xcassets */ = {isa = PBXFileReference; lastKnownFileType = folder.assetcatalog; path = Assets.xcassets; sourceTree = "<group>"; };
		0DB9187F24B6B8D3000A7C8D /* Preview Assets.xcassets */ = {isa = PBXFileReference; lastKnownFileType = folder.assetcatalog; path = "Preview Assets.xcassets"; sourceTree = "<group>"; };
		0DB9188124B6B8D3000A7C8D /* Info.plist */ = {isa = PBXFileReference; lastKnownFileType = text.plist.xml; path = Info.plist; sourceTree = "<group>"; };
		0DB9188224B6B8D3000A7C8D /* PushNotificationPayload.apns */ = {isa = PBXFileReference; lastKnownFileType = text; path = PushNotificationPayload.apns; sourceTree = "<group>"; };
		0DB918A724B84450000A7C8D /* WatchLandmarkDetail.swift */ = {isa = PBXFileReference; lastKnownFileType = sourcecode.swift; path = WatchLandmarkDetail.swift; sourceTree = "<group>"; };
		0DB918A924B84C59000A7C8D /* WatchMapView.swift */ = {isa = PBXFileReference; lastKnownFileType = sourcecode.swift; path = WatchMapView.swift; sourceTree = "<group>"; };
/* End PBXFileReference section */

/* Begin PBXFrameworksBuildPhase section */
		0D3806CF24B9605E00E8EF15 /* Frameworks */ = {
			isa = PBXFrameworksBuildPhase;
			buildActionMask = 2147483647;
			files = (
			);
			runOnlyForDeploymentPostprocessing = 0;
		};
		0D3806E324B9605F00E8EF15 /* Frameworks */ = {
			isa = PBXFrameworksBuildPhase;
			buildActionMask = 2147483647;
			files = (
			);
			runOnlyForDeploymentPostprocessing = 0;
		};
		0D3806EE24B9605F00E8EF15 /* Frameworks */ = {
			isa = PBXFrameworksBuildPhase;
			buildActionMask = 2147483647;
			files = (
			);
			runOnlyForDeploymentPostprocessing = 0;
		};
		0D85F0B424A5EF0F0085765E /* Frameworks */ = {
			isa = PBXFrameworksBuildPhase;
			buildActionMask = 2147483647;
			files = (
			);
			runOnlyForDeploymentPostprocessing = 0;
		};
		0D85F0CA24A5EF100085765E /* Frameworks */ = {
			isa = PBXFrameworksBuildPhase;
			buildActionMask = 2147483647;
			files = (
			);
			runOnlyForDeploymentPostprocessing = 0;
		};
		0D85F0D524A5EF100085765E /* Frameworks */ = {
			isa = PBXFrameworksBuildPhase;
			buildActionMask = 2147483647;
			files = (
			);
			runOnlyForDeploymentPostprocessing = 0;
		};
		0DB9186A24B6B8D2000A7C8D /* Frameworks */ = {
			isa = PBXFrameworksBuildPhase;
			buildActionMask = 2147483647;
			files = (
			);
			runOnlyForDeploymentPostprocessing = 0;
		};
/* End PBXFrameworksBuildPhase section */

/* Begin PBXGroup section */
		0D3806D324B9605E00E8EF15 /* MacLandmarks */ = {
			isa = PBXGroup;
			children = (
				0D3806D424B9605E00E8EF15 /* AppDelegate.swift */,
				0D3806D624B9605E00E8EF15 /* ContentView.swift */,
				0D38071724B962F300E8EF15 /* LandmarkRow.swift */,
				0D38071924B96EE800E8EF15 /* LandmarkList.swift */,
				0D38071B24B9756A00E8EF15 /* Filter.swift */,
				0D3806D824B9605F00E8EF15 /* Assets.xcassets */,
				0D3806DD24B9605F00E8EF15 /* Main.storyboard */,
				0D3806E024B9605F00E8EF15 /* Info.plist */,
				0D3806E124B9605F00E8EF15 /* MacLandmarks.entitlements */,
				0D3806DA24B9605F00E8EF15 /* Preview Content */,
			);
			path = MacLandmarks;
			sourceTree = "<group>";
		};
		0D3806DA24B9605F00E8EF15 /* Preview Content */ = {
			isa = PBXGroup;
			children = (
				0D3806DB24B9605F00E8EF15 /* Preview Assets.xcassets */,
			);
			path = "Preview Content";
			sourceTree = "<group>";
		};
		0D3806E924B9605F00E8EF15 /* MacLandmarksTests */ = {
			isa = PBXGroup;
			children = (
				0D3806EA24B9605F00E8EF15 /* MacLandmarksTests.swift */,
				0D3806EC24B9605F00E8EF15 /* Info.plist */,
			);
			path = MacLandmarksTests;
			sourceTree = "<group>";
		};
		0D3806F424B9605F00E8EF15 /* MacLandmarksUITests */ = {
			isa = PBXGroup;
			children = (
				0D3806F524B9605F00E8EF15 /* MacLandmarksUITests.swift */,
				0D3806F724B9605F00E8EF15 /* Info.plist */,
			);
			path = MacLandmarksUITests;
			sourceTree = "<group>";
		};
		0D85F0AE24A5EF0F0085765E = {
			isa = PBXGroup;
			children = (
				0D85F0B924A5EF0F0085765E /* Landmarks */,
				0D85F0D024A5EF100085765E /* LandmarksTests */,
				0D85F0DB24A5EF100085765E /* LandmarksUITests */,
				0DB9186224B6B8D0000A7C8D /* WatchLandmarks */,
				0DB9187124B6B8D2000A7C8D /* WatchLandmarks Extension */,
				0D3806D324B9605E00E8EF15 /* MacLandmarks */,
				0D3806E924B9605F00E8EF15 /* MacLandmarksTests */,
				0D3806F424B9605F00E8EF15 /* MacLandmarksUITests */,
				0D85F0B824A5EF0F0085765E /* Products */,
			);
			sourceTree = "<group>";
		};
		0D85F0B824A5EF0F0085765E /* Products */ = {
			isa = PBXGroup;
			children = (
				0D85F0B724A5EF0F0085765E /* Landmarks.app */,
				0D85F0CD24A5EF100085765E /* LandmarksTests.xctest */,
				0D85F0D824A5EF100085765E /* LandmarksUITests.xctest */,
				0DB9186124B6B8D0000A7C8D /* WatchLandmarks.app */,
				0DB9186D24B6B8D2000A7C8D /* WatchLandmarks Extension.appex */,
				0D3806D224B9605E00E8EF15 /* MacLandmarks.app */,
				0D3806E624B9605F00E8EF15 /* MacLandmarksTests.xctest */,
				0D3806F124B9605F00E8EF15 /* MacLandmarksUITests.xctest */,
			);
			name = Products;
			sourceTree = "<group>";
		};
		0D85F0B924A5EF0F0085765E /* Landmarks */ = {
			isa = PBXGroup;
			children = (
				0D85F0BA24A5EF0F0085765E /* AppDelegate.swift */,
				0D85F0BC24A5EF0F0085765E /* SceneDelegate.swift */,
				0DB9185C24B57573000A7C8D /* Hike */,
				0DB9185A24B57510000A7C8D /* Landmark Views */,
				0DB9185924B574FC000A7C8D /* Home */,
				0DB9184424B4225D000A7C8D /* Profile */,
				0D85F0F924AAFEDA0085765E /* Models */,
				0D85F0F724AAFDFF0085765E /* Supporting Views */,
				0D85F10424AB00510085765E /* Resources */,
				0D85F0C024A5EF100085765E /* Assets.xcassets */,
				0D85F0C524A5EF100085765E /* LaunchScreen.storyboard */,
				0D85F0C824A5EF100085765E /* Info.plist */,
				0D85F0C224A5EF100085765E /* Preview Content */,
			);
			path = Landmarks;
			sourceTree = "<group>";
		};
		0D85F0C224A5EF100085765E /* Preview Content */ = {
			isa = PBXGroup;
			children = (
				0D85F0C324A5EF100085765E /* Preview Assets.xcassets */,
			);
			path = "Preview Content";
			sourceTree = "<group>";
		};
		0D85F0D024A5EF100085765E /* LandmarksTests */ = {
			isa = PBXGroup;
			children = (
				0D85F0D124A5EF100085765E /* LandmarksTests.swift */,
				0D85F0D324A5EF100085765E /* Info.plist */,
			);
			path = LandmarksTests;
			sourceTree = "<group>";
		};
		0D85F0DB24A5EF100085765E /* LandmarksUITests */ = {
			isa = PBXGroup;
			children = (
				0D85F0DC24A5EF100085765E /* LandmarksUITests.swift */,
				0D85F0DE24A5EF100085765E /* Info.plist */,
			);
			path = LandmarksUITests;
			sourceTree = "<group>";
		};
		0D85F0F724AAFDFF0085765E /* Supporting Views */ = {
			isa = PBXGroup;
			children = (
				0DB9185124B5654D000A7C8D /* FeatureCard.swift */,
				0D85F0F324A753970085765E /* CircleImage.swift */,
				0D85F0F524A993330085765E /* MapView.swift */,
				0DB9182B24AD924F000A7C8D /* Badge.swift */,
				0DB9182D24AD92F1000A7C8D /* BadgeSymbol.swift */,
				0DB9182F24AD9BA0000A7C8D /* RotatedBadgeSymbol.swift */,
				0DB9182724AD83D6000A7C8D /* BadgeBackground.swift */,
			);
			path = "Supporting Views";
			sourceTree = "<group>";
		};
		0D85F0F924AAFEDA0085765E /* Models */ = {
			isa = PBXGroup;
			children = (
				0D85F10024AAFFF70085765E /* Data.swift */,
				0D85F10224AB00160085765E /* Landmark.swift */,
				0DB9182524AC2F40000A7C8D /* UserData.swift */,
				0DB9183324ADB91D000A7C8D /* Hike.swift */,
				0DB9184224B4221F000A7C8D /* Profile.swift */,
			);
			path = Models;
			sourceTree = "<group>";
		};
		0D85F10424AB00510085765E /* Resources */ = {
			isa = PBXGroup;
			children = (
				0D85F12B24AB03990085765E /* landmarkData.json */,
				0DB9183C24ADBC46000A7C8D /* hikeData.json */,
				0DB9185524B56E99000A7C8D /* charleyrivers_feature.jpg */,
				0DB9185324B56E99000A7C8D /* stmarylake_feature.jpg */,
				0DB9185424B56E99000A7C8D /* turtlerock_feature.jpg */,
				0D85F11F24AB03990085765E /* chilkoottrail.jpg */,
				0D85F12624AB03990085765E /* chincoteague.jpg */,
				0D85F12324AB03990085765E /* hiddenlake.jpg */,
				0D85F12824AB03990085765E /* icybay.jpg */,
				0D85F12224AB03990085765E /* lakemcdonald.jpg */,
				0D85F12124AB03990085765E /* rainbowlake.jpg */,
				0D85F12A24AB03990085765E /* silversalmoncreek.jpg */,
				0D85F12924AB03990085765E /* stmarylake.jpg */,
				0D85F12524AB03990085765E /* turtlerock.jpg */,
				0D85F12024AB03990085765E /* twinlake.jpg */,
				0D85F12424AB03990085765E /* umbagog.jpg */,
				0D85F12724AB03990085765E /* charleyrivers.jpg */,
			);
			path = Resources;
			sourceTree = "<group>";
		};
		0DB9184424B4225D000A7C8D /* Profile */ = {
			isa = PBXGroup;
			children = (
				0DB9184524B4227B000A7C8D /* ProfileHost.swift */,
				0DB9184724B4249B000A7C8D /* ProfileSummary.swift */,
				0DB9184B24B43226000A7C8D /* ProfileEditor.swift */,
			);
			path = Profile;
			sourceTree = "<group>";
		};
		0DB9185924B574FC000A7C8D /* Home */ = {
			isa = PBXGroup;
			children = (
				0DB9183E24B2C564000A7C8D /* Home.swift */,
				0DB9184024B2CD87000A7C8D /* CategoryRow.swift */,
				0DB9184D24B560A3000A7C8D /* PageViewController.swift */,
				0DB9184F24B563A0000A7C8D /* PageView.swift */,
				0DB9185D24B57D18000A7C8D /* PageControl.swift */,
			);
			path = Home;
			sourceTree = "<group>";
		};
		0DB9185A24B57510000A7C8D /* Landmark Views */ = {
			isa = PBXGroup;
			children = (
				0D85F0FE24AAFFBA0085765E /* LandmarkDetail.swift */,
				0D85F13924AB05C00085765E /* LandmarkRow.swift */,
				0D85F13B24AB18610085765E /* LandmarkList.swift */,
			);
			path = "Landmark Views";
			sourceTree = "<group>";
		};
		0DB9185C24B57573000A7C8D /* Hike */ = {
			isa = PBXGroup;
			children = (
				0DB9182924AD8521000A7C8D /* HexagonParameters.swift */,
				0DB9183124ADB87D000A7C8D /* HikeView.swift */,
				0DB9183524ADB961000A7C8D /* HikeDetail.swift */,
				0DB9184924B42789000A7C8D /* HikeBadge.swift */,
				0DB9183724ADB9A0000A7C8D /* HikeGraph.swift */,
				0DB9183924ADB9C8000A7C8D /* GraphCapsule.swift */,
			);
			path = Hike;
			sourceTree = "<group>";
		};
		0DB9186224B6B8D0000A7C8D /* WatchLandmarks */ = {
			isa = PBXGroup;
			children = (
				0DB9186324B6B8D0000A7C8D /* Interface.storyboard */,
				0DB9186624B6B8D2000A7C8D /* Assets.xcassets */,
				0DB9186824B6B8D2000A7C8D /* Info.plist */,
			);
			path = WatchLandmarks;
			sourceTree = "<group>";
		};
		0DB9187124B6B8D2000A7C8D /* WatchLandmarks Extension */ = {
			isa = PBXGroup;
			children = (
				0DB918A724B84450000A7C8D /* WatchLandmarkDetail.swift */,
				0DB918A924B84C59000A7C8D /* WatchMapView.swift */,
				0DB9187224B6B8D2000A7C8D /* ContentView.swift */,
				0DB9187424B6B8D2000A7C8D /* HostingController.swift */,
				0DB9187624B6B8D2000A7C8D /* ExtensionDelegate.swift */,
				0DB9187824B6B8D2000A7C8D /* NotificationController.swift */,
				0DB9187A24B6B8D2000A7C8D /* NotificationView.swift */,
				0DB9187C24B6B8D3000A7C8D /* Assets.xcassets */,
				0DB9188124B6B8D3000A7C8D /* Info.plist */,
				0DB9188224B6B8D3000A7C8D /* PushNotificationPayload.apns */,
				0DB9187E24B6B8D3000A7C8D /* Preview Content */,
			);
			path = "WatchLandmarks Extension";
			sourceTree = "<group>";
		};
		0DB9187E24B6B8D3000A7C8D /* Preview Content */ = {
			isa = PBXGroup;
			children = (
				0DB9187F24B6B8D3000A7C8D /* Preview Assets.xcassets */,
			);
			path = "Preview Content";
			sourceTree = "<group>";
		};
/* End PBXGroup section */

/* Begin PBXNativeTarget section */
		0D3806D124B9605E00E8EF15 /* MacLandmarks */ = {
			isa = PBXNativeTarget;
			buildConfigurationList = 0D3806FE24B9605F00E8EF15 /* Build configuration list for PBXNativeTarget "MacLandmarks" */;
			buildPhases = (
				0D3806CE24B9605E00E8EF15 /* Sources */,
				0D3806CF24B9605E00E8EF15 /* Frameworks */,
				0D3806D024B9605E00E8EF15 /* Resources */,
			);
			buildRules = (
			);
			dependencies = (
			);
			name = MacLandmarks;
			productName = MacLandmarks;
			productReference = 0D3806D224B9605E00E8EF15 /* MacLandmarks.app */;
			productType = "com.apple.product-type.application";
		};
		0D3806E524B9605F00E8EF15 /* MacLandmarksTests */ = {
			isa = PBXNativeTarget;
			buildConfigurationList = 0D3806FF24B9605F00E8EF15 /* Build configuration list for PBXNativeTarget "MacLandmarksTests" */;
			buildPhases = (
				0D3806E224B9605F00E8EF15 /* Sources */,
				0D3806E324B9605F00E8EF15 /* Frameworks */,
				0D3806E424B9605F00E8EF15 /* Resources */,
			);
			buildRules = (
			);
			dependencies = (
				0D3806E824B9605F00E8EF15 /* PBXTargetDependency */,
			);
			name = MacLandmarksTests;
			productName = MacLandmarksTests;
			productReference = 0D3806E624B9605F00E8EF15 /* MacLandmarksTests.xctest */;
			productType = "com.apple.product-type.bundle.unit-test";
		};
		0D3806F024B9605F00E8EF15 /* MacLandmarksUITests */ = {
			isa = PBXNativeTarget;
			buildConfigurationList = 0D38070024B9605F00E8EF15 /* Build configuration list for PBXNativeTarget "MacLandmarksUITests" */;
			buildPhases = (
				0D3806ED24B9605F00E8EF15 /* Sources */,
				0D3806EE24B9605F00E8EF15 /* Frameworks */,
				0D3806EF24B9605F00E8EF15 /* Resources */,
			);
			buildRules = (
			);
			dependencies = (
				0D3806F324B9605F00E8EF15 /* PBXTargetDependency */,
			);
			name = MacLandmarksUITests;
			productName = MacLandmarksUITests;
			productReference = 0D3806F124B9605F00E8EF15 /* MacLandmarksUITests.xctest */;
			productType = "com.apple.product-type.bundle.ui-testing";
		};
		0D85F0B624A5EF0F0085765E /* Landmarks */ = {
			isa = PBXNativeTarget;
			buildConfigurationList = 0D85F0E124A5EF100085765E /* Build configuration list for PBXNativeTarget "Landmarks" */;
			buildPhases = (
				0D85F0B324A5EF0F0085765E /* Sources */,
				0D85F0B424A5EF0F0085765E /* Frameworks */,
				0D85F0B524A5EF0F0085765E /* Resources */,
				0DB9188624B6B8D3000A7C8D /* Embed Watch Content */,
			);
			buildRules = (
			);
			dependencies = (
				0DB9188424B6B8D3000A7C8D /* PBXTargetDependency */,
			);
			name = Landmarks;
			productName = Landmarks;
			productReference = 0D85F0B724A5EF0F0085765E /* Landmarks.app */;
			productType = "com.apple.product-type.application";
		};
		0D85F0CC24A5EF100085765E /* LandmarksTests */ = {
			isa = PBXNativeTarget;
			buildConfigurationList = 0D85F0E424A5EF100085765E /* Build configuration list for PBXNativeTarget "LandmarksTests" */;
			buildPhases = (
				0D85F0C924A5EF100085765E /* Sources */,
				0D85F0CA24A5EF100085765E /* Frameworks */,
				0D85F0CB24A5EF100085765E /* Resources */,
			);
			buildRules = (
			);
			dependencies = (
				0D85F0CF24A5EF100085765E /* PBXTargetDependency */,
			);
			name = LandmarksTests;
			productName = LandmarksTests;
			productReference = 0D85F0CD24A5EF100085765E /* LandmarksTests.xctest */;
			productType = "com.apple.product-type.bundle.unit-test";
		};
		0D85F0D724A5EF100085765E /* LandmarksUITests */ = {
			isa = PBXNativeTarget;
			buildConfigurationList = 0D85F0E724A5EF100085765E /* Build configuration list for PBXNativeTarget "LandmarksUITests" */;
			buildPhases = (
				0D85F0D424A5EF100085765E /* Sources */,
				0D85F0D524A5EF100085765E /* Frameworks */,
				0D85F0D624A5EF100085765E /* Resources */,
			);
			buildRules = (
			);
			dependencies = (
				0D85F0DA24A5EF100085765E /* PBXTargetDependency */,
			);
			name = LandmarksUITests;
			productName = LandmarksUITests;
			productReference = 0D85F0D824A5EF100085765E /* LandmarksUITests.xctest */;
			productType = "com.apple.product-type.bundle.ui-testing";
		};
		0DB9186024B6B8D0000A7C8D /* WatchLandmarks */ = {
			isa = PBXNativeTarget;
			buildConfigurationList = 0DB9188D24B6B8D3000A7C8D /* Build configuration list for PBXNativeTarget "WatchLandmarks" */;
			buildPhases = (
				0DB9185F24B6B8D0000A7C8D /* Resources */,
				0DB9188924B6B8D3000A7C8D /* Embed App Extensions */,
			);
			buildRules = (
			);
			dependencies = (
				0DB9187024B6B8D2000A7C8D /* PBXTargetDependency */,
			);
			name = WatchLandmarks;
			productName = WatchLandmarks;
			productReference = 0DB9186124B6B8D0000A7C8D /* WatchLandmarks.app */;
			productType = "com.apple.product-type.application.watchapp2";
		};
		0DB9186C24B6B8D2000A7C8D /* WatchLandmarks Extension */ = {
			isa = PBXNativeTarget;
			buildConfigurationList = 0DB9188C24B6B8D3000A7C8D /* Build configuration list for PBXNativeTarget "WatchLandmarks Extension" */;
			buildPhases = (
				0DB9186924B6B8D2000A7C8D /* Sources */,
				0DB9186A24B6B8D2000A7C8D /* Frameworks */,
				0DB9186B24B6B8D2000A7C8D /* Resources */,
			);
			buildRules = (
			);
			dependencies = (
			);
			name = "WatchLandmarks Extension";
			productName = "WatchLandmarks Extension";
			productReference = 0DB9186D24B6B8D2000A7C8D /* WatchLandmarks Extension.appex */;
			productType = "com.apple.product-type.watchkit2-extension";
		};
/* End PBXNativeTarget section */

/* Begin PBXProject section */
		0D85F0AF24A5EF0F0085765E /* Project object */ = {
			isa = PBXProject;
			attributes = {
				LastSwiftUpdateCheck = 1150;
				LastUpgradeCheck = 1150;
				ORGANIZATIONNAME = mnrn;
				TargetAttributes = {
					0D3806D124B9605E00E8EF15 = {
						CreatedOnToolsVersion = 11.5;
					};
					0D3806E524B9605F00E8EF15 = {
						CreatedOnToolsVersion = 11.5;
						TestTargetID = 0D3806D124B9605E00E8EF15;
					};
					0D3806F024B9605F00E8EF15 = {
						CreatedOnToolsVersion = 11.5;
						TestTargetID = 0D3806D124B9605E00E8EF15;
					};
					0D85F0B624A5EF0F0085765E = {
						CreatedOnToolsVersion = 11.5;
					};
					0D85F0CC24A5EF100085765E = {
						CreatedOnToolsVersion = 11.5;
						TestTargetID = 0D85F0B624A5EF0F0085765E;
					};
					0D85F0D724A5EF100085765E = {
						CreatedOnToolsVersion = 11.5;
						TestTargetID = 0D85F0B624A5EF0F0085765E;
					};
					0DB9186024B6B8D0000A7C8D = {
						CreatedOnToolsVersion = 11.5;
					};
					0DB9186C24B6B8D2000A7C8D = {
						CreatedOnToolsVersion = 11.5;
					};
				};
			};
			buildConfigurationList = 0D85F0B224A5EF0F0085765E /* Build configuration list for PBXProject "Landmarks" */;
			compatibilityVersion = "Xcode 9.3";
			developmentRegion = en;
			hasScannedForEncodings = 0;
			knownRegions = (
				en,
				Base,
			);
			mainGroup = 0D85F0AE24A5EF0F0085765E;
			productRefGroup = 0D85F0B824A5EF0F0085765E /* Products */;
			projectDirPath = "";
			projectRoot = "";
			targets = (
				0D85F0B624A5EF0F0085765E /* Landmarks */,
				0D85F0CC24A5EF100085765E /* LandmarksTests */,
				0D85F0D724A5EF100085765E /* LandmarksUITests */,
				0DB9186024B6B8D0000A7C8D /* WatchLandmarks */,
				0DB9186C24B6B8D2000A7C8D /* WatchLandmarks Extension */,
				0D3806D124B9605E00E8EF15 /* MacLandmarks */,
				0D3806E524B9605F00E8EF15 /* MacLandmarksTests */,
				0D3806F024B9605F00E8EF15 /* MacLandmarksUITests */,
			);
		};
/* End PBXProject section */

/* Begin PBXResourcesBuildPhase section */
		0D3806D024B9605E00E8EF15 /* Resources */ = {
			isa = PBXResourcesBuildPhase;
			buildActionMask = 2147483647;
			files = (
				0D38071124B961F900E8EF15 /* silversalmoncreek.jpg in Resources */,
				0D38070824B961F900E8EF15 /* charleyrivers_feature.jpg in Resources */,
				0D38070B24B961F900E8EF15 /* chilkoottrail.jpg in Resources */,
				0D3806DF24B9605F00E8EF15 /* Main.storyboard in Resources */,
				0D38070F24B961F900E8EF15 /* lakemcdonald.jpg in Resources */,
				0D38071524B961F900E8EF15 /* umbagog.jpg in Resources */,
				0D38070624B961F900E8EF15 /* landmarkData.json in Resources */,
				0D38071424B961F900E8EF15 /* twinlake.jpg in Resources */,
				0D38070C24B961F900E8EF15 /* chincoteague.jpg in Resources */,
				0D38070D24B961F900E8EF15 /* hiddenlake.jpg in Resources */,
				0D38071024B961F900E8EF15 /* rainbowlake.jpg in Resources */,
				0D3806DC24B9605F00E8EF15 /* Preview Assets.xcassets in Resources */,
				0D38071224B961F900E8EF15 /* stmarylake.jpg in Resources */,
				0D3806D924B9605F00E8EF15 /* Assets.xcassets in Resources */,
				0D38070724B961F900E8EF15 /* hikeData.json in Resources */,
				0D38071624B961F900E8EF15 /* charleyrivers.jpg in Resources */,
				0D38070924B961F900E8EF15 /* stmarylake_feature.jpg in Resources */,
				0D38070E24B961F900E8EF15 /* icybay.jpg in Resources */,
				0D38071324B961F900E8EF15 /* turtlerock.jpg in Resources */,
				0D38070A24B961F900E8EF15 /* turtlerock_feature.jpg in Resources */,
			);
			runOnlyForDeploymentPostprocessing = 0;
		};
		0D3806E424B9605F00E8EF15 /* Resources */ = {
			isa = PBXResourcesBuildPhase;
			buildActionMask = 2147483647;
			files = (
			);
			runOnlyForDeploymentPostprocessing = 0;
		};
		0D3806EF24B9605F00E8EF15 /* Resources */ = {
			isa = PBXResourcesBuildPhase;
			buildActionMask = 2147483647;
			files = (
			);
			runOnlyForDeploymentPostprocessing = 0;
		};
		0D85F0B524A5EF0F0085765E /* Resources */ = {
			isa = PBXResourcesBuildPhase;
			buildActionMask = 2147483647;
			files = (
				0D85F13724AB03990085765E /* silversalmoncreek.jpg in Resources */,
				0D85F12F24AB03990085765E /* lakemcdonald.jpg in Resources */,
				0DB9183D24ADBC46000A7C8D /* hikeData.json in Resources */,
				0DB9185624B56E99000A7C8D /* stmarylake_feature.jpg in Resources */,
				0D85F0C724A5EF100085765E /* LaunchScreen.storyboard in Resources */,
				0DB9185724B56E99000A7C8D /* turtlerock_feature.jpg in Resources */,
				0D85F13524AB03990085765E /* icybay.jpg in Resources */,
				0D85F12E24AB03990085765E /* rainbowlake.jpg in Resources */,
				0D85F12D24AB03990085765E /* twinlake.jpg in Resources */,
				0D85F13224AB03990085765E /* turtlerock.jpg in Resources */,
				0DB9185824B56E99000A7C8D /* charleyrivers_feature.jpg in Resources */,
				0D85F13624AB03990085765E /* stmarylake.jpg in Resources */,
				0D85F12C24AB03990085765E /* chilkoottrail.jpg in Resources */,
				0D85F0C424A5EF100085765E /* Preview Assets.xcassets in Resources */,
				0D85F13324AB03990085765E /* chincoteague.jpg in Resources */,
				0D85F13124AB03990085765E /* umbagog.jpg in Resources */,
				0D85F13024AB03990085765E /* hiddenlake.jpg in Resources */,
				0D85F13824AB03990085765E /* landmarkData.json in Resources */,
				0D85F13424AB03990085765E /* charleyrivers.jpg in Resources */,
				0D85F0C124A5EF100085765E /* Assets.xcassets in Resources */,
			);
			runOnlyForDeploymentPostprocessing = 0;
		};
		0D85F0CB24A5EF100085765E /* Resources */ = {
			isa = PBXResourcesBuildPhase;
			buildActionMask = 2147483647;
			files = (
			);
			runOnlyForDeploymentPostprocessing = 0;
		};
		0D85F0D624A5EF100085765E /* Resources */ = {
			isa = PBXResourcesBuildPhase;
			buildActionMask = 2147483647;
			files = (
			);
			runOnlyForDeploymentPostprocessing = 0;
		};
		0DB9185F24B6B8D0000A7C8D /* Resources */ = {
			isa = PBXResourcesBuildPhase;
			buildActionMask = 2147483647;
			files = (
				0DB9186724B6B8D2000A7C8D /* Assets.xcassets in Resources */,
				0DB9189524B841AC000A7C8D /* Assets.xcassets in Resources */,
				0DB9186524B6B8D0000A7C8D /* Interface.storyboard in Resources */,
			);
			runOnlyForDeploymentPostprocessing = 0;
		};
		0DB9186B24B6B8D2000A7C8D /* Resources */ = {
			isa = PBXResourcesBuildPhase;
			buildActionMask = 2147483647;
			files = (
				0DB9189824B841F1000A7C8D /* charleyrivers_feature.jpg in Resources */,
				0DB9189B24B841F1000A7C8D /* chilkoottrail.jpg in Resources */,
				0DB9189A24B841F1000A7C8D /* turtlerock_feature.jpg in Resources */,
				0DB9189C24B841F1000A7C8D /* chincoteague.jpg in Resources */,
				0DB9189E24B841F1000A7C8D /* icybay.jpg in Resources */,
				0DB918A024B841F1000A7C8D /* rainbowlake.jpg in Resources */,
				0DB918A524B841F1000A7C8D /* umbagog.jpg in Resources */,
				0DB918A224B841F1000A7C8D /* stmarylake.jpg in Resources */,
				0DB918A624B841F1000A7C8D /* charleyrivers.jpg in Resources */,
				0DB9189724B841F1000A7C8D /* hikeData.json in Resources */,
				0DB9189F24B841F1000A7C8D /* lakemcdonald.jpg in Resources */,
				0DB9188024B6B8D3000A7C8D /* Preview Assets.xcassets in Resources */,
				0DB9189924B841F1000A7C8D /* stmarylake_feature.jpg in Resources */,
				0DB9187D24B6B8D3000A7C8D /* Assets.xcassets in Resources */,
				0DB918A324B841F1000A7C8D /* turtlerock.jpg in Resources */,
				0DB918A124B841F1000A7C8D /* silversalmoncreek.jpg in Resources */,
				0DB9189D24B841F1000A7C8D /* hiddenlake.jpg in Resources */,
				0DB918A424B841F1000A7C8D /* twinlake.jpg in Resources */,
				0DB9189624B841F1000A7C8D /* landmarkData.json in Resources */,
			);
			runOnlyForDeploymentPostprocessing = 0;
		};
/* End PBXResourcesBuildPhase section */

/* Begin PBXSourcesBuildPhase section */
		0D3806CE24B9605E00E8EF15 /* Sources */ = {
			isa = PBXSourcesBuildPhase;
			buildActionMask = 2147483647;
			files = (
				0D38070424B961F100E8EF15 /* Hike.swift in Sources */,
				0D38071C24B9756A00E8EF15 /* Filter.swift in Sources */,
				0D3806D724B9605E00E8EF15 /* ContentView.swift in Sources */,
				0D38070124B961F100E8EF15 /* Data.swift in Sources */,
				0D38070524B961F100E8EF15 /* Profile.swift in Sources */,
				0D38071A24B96EE800E8EF15 /* LandmarkList.swift in Sources */,
				0D3806D524B9605E00E8EF15 /* AppDelegate.swift in Sources */,
				0D38070324B961F100E8EF15 /* UserData.swift in Sources */,
				0D38071824B962F300E8EF15 /* LandmarkRow.swift in Sources */,
				0D38070224B961F100E8EF15 /* Landmark.swift in Sources */,
			);
			runOnlyForDeploymentPostprocessing = 0;
		};
		0D3806E224B9605F00E8EF15 /* Sources */ = {
			isa = PBXSourcesBuildPhase;
			buildActionMask = 2147483647;
			files = (
				0D3806EB24B9605F00E8EF15 /* MacLandmarksTests.swift in Sources */,
			);
			runOnlyForDeploymentPostprocessing = 0;
		};
		0D3806ED24B9605F00E8EF15 /* Sources */ = {
			isa = PBXSourcesBuildPhase;
			buildActionMask = 2147483647;
			files = (
				0D3806F624B9605F00E8EF15 /* MacLandmarksUITests.swift in Sources */,
			);
			runOnlyForDeploymentPostprocessing = 0;
		};
		0D85F0B324A5EF0F0085765E /* Sources */ = {
			isa = PBXSourcesBuildPhase;
			buildActionMask = 2147483647;
			files = (
				0DB9184124B2CD87000A7C8D /* CategoryRow.swift in Sources */,
				0DB9183A24ADB9C8000A7C8D /* GraphCapsule.swift in Sources */,
				0DB9183424ADB91D000A7C8D /* Hike.swift in Sources */,
				0DB9184624B4227B000A7C8D /* ProfileHost.swift in Sources */,
				0DB9185224B5654D000A7C8D /* FeatureCard.swift in Sources */,
				0DB9184324B4221F000A7C8D /* Profile.swift in Sources */,
				0DB9182A24AD8521000A7C8D /* HexagonParameters.swift in Sources */,
				0DB9185024B563A0000A7C8D /* PageView.swift in Sources */,
				0D85F10124AAFFF70085765E /* Data.swift in Sources */,
				0D85F0BB24A5EF0F0085765E /* AppDelegate.swift in Sources */,
				0DB9183824ADB9A0000A7C8D /* HikeGraph.swift in Sources */,
				0DB9182824AD83D6000A7C8D /* BadgeBackground.swift in Sources */,
				0D85F0F424A753970085765E /* CircleImage.swift in Sources */,
				0DB9183224ADB87D000A7C8D /* HikeView.swift in Sources */,
				0D85F10324AB00160085765E /* Landmark.swift in Sources */,
				0DB9184E24B560A3000A7C8D /* PageViewController.swift in Sources */,
				0D85F0FF24AAFFBA0085765E /* LandmarkDetail.swift in Sources */,
				0DB9182E24AD92F1000A7C8D /* BadgeSymbol.swift in Sources */,
				0DB9183024AD9BA0000A7C8D /* RotatedBadgeSymbol.swift in Sources */,
				0DB9184A24B42789000A7C8D /* HikeBadge.swift in Sources */,
				0DB9183F24B2C564000A7C8D /* Home.swift in Sources */,
				0DB9183624ADB961000A7C8D /* HikeDetail.swift in Sources */,
				0D85F0F624A993330085765E /* MapView.swift in Sources */,
				0D85F0BD24A5EF0F0085765E /* SceneDelegate.swift in Sources */,
				0D85F13A24AB05C00085765E /* LandmarkRow.swift in Sources */,
				0DB9182624AC2F40000A7C8D /* UserData.swift in Sources */,
				0DB9184824B4249B000A7C8D /* ProfileSummary.swift in Sources */,
				0DB9185E24B57D18000A7C8D /* PageControl.swift in Sources */,
				0DB9182C24AD924F000A7C8D /* Badge.swift in Sources */,
				0D85F13C24AB18610085765E /* LandmarkList.swift in Sources */,
				0DB9184C24B43226000A7C8D /* ProfileEditor.swift in Sources */,
			);
			runOnlyForDeploymentPostprocessing = 0;
		};
		0D85F0C924A5EF100085765E /* Sources */ = {
			isa = PBXSourcesBuildPhase;
			buildActionMask = 2147483647;
			files = (
				0D85F0D224A5EF100085765E /* LandmarksTests.swift in Sources */,
			);
			runOnlyForDeploymentPostprocessing = 0;
		};
		0D85F0D424A5EF100085765E /* Sources */ = {
			isa = PBXSourcesBuildPhase;
			buildActionMask = 2147483647;
			files = (
				0D85F0DD24A5EF100085765E /* LandmarksUITests.swift in Sources */,
			);
			runOnlyForDeploymentPostprocessing = 0;
		};
		0DB9186924B6B8D2000A7C8D /* Sources */ = {
			isa = PBXSourcesBuildPhase;
			buildActionMask = 2147483647;
			files = (
				0DB9189224B84172000A7C8D /* Hike.swift in Sources */,
				0DB918AA24B84C59000A7C8D /* WatchMapView.swift in Sources */,
				0DB9188F24B84172000A7C8D /* Data.swift in Sources */,
				0DB9187524B6B8D2000A7C8D /* HostingController.swift in Sources */,
				0DB918AB24B87074000A7C8D /* LandmarkList.swift in Sources */,
				0DB9187324B6B8D2000A7C8D /* ContentView.swift in Sources */,
				0DB9189124B84172000A7C8D /* UserData.swift in Sources */,
				0DB9189424B84172000A7C8D /* CircleImage.swift in Sources */,
				0DB9189024B84172000A7C8D /* Landmark.swift in Sources */,
				0DB9188E24B84172000A7C8D /* LandmarkRow.swift in Sources */,
				0DB9187924B6B8D2000A7C8D /* NotificationController.swift in Sources */,
				0DB918A824B84450000A7C8D /* WatchLandmarkDetail.swift in Sources */,
				0DB9189324B84172000A7C8D /* Profile.swift in Sources */,
				0DB9187724B6B8D2000A7C8D /* ExtensionDelegate.swift in Sources */,
				0DB9187B24B6B8D2000A7C8D /* NotificationView.swift in Sources */,
			);
			runOnlyForDeploymentPostprocessing = 0;
		};
/* End PBXSourcesBuildPhase section */

/* Begin PBXTargetDependency section */
		0D3806E824B9605F00E8EF15 /* PBXTargetDependency */ = {
			isa = PBXTargetDependency;
			target = 0D3806D124B9605E00E8EF15 /* MacLandmarks */;
			targetProxy = 0D3806E724B9605F00E8EF15 /* PBXContainerItemProxy */;
		};
		0D3806F324B9605F00E8EF15 /* PBXTargetDependency */ = {
			isa = PBXTargetDependency;
			target = 0D3806D124B9605E00E8EF15 /* MacLandmarks */;
			targetProxy = 0D3806F224B9605F00E8EF15 /* PBXContainerItemProxy */;
		};
		0D85F0CF24A5EF100085765E /* PBXTargetDependency */ = {
			isa = PBXTargetDependency;
			target = 0D85F0B624A5EF0F0085765E /* Landmarks */;
			targetProxy = 0D85F0CE24A5EF100085765E /* PBXContainerItemProxy */;
		};
		0D85F0DA24A5EF100085765E /* PBXTargetDependency */ = {
			isa = PBXTargetDependency;
			target = 0D85F0B624A5EF0F0085765E /* Landmarks */;
			targetProxy = 0D85F0D924A5EF100085765E /* PBXContainerItemProxy */;
		};
		0DB9187024B6B8D2000A7C8D /* PBXTargetDependency */ = {
			isa = PBXTargetDependency;
			target = 0DB9186C24B6B8D2000A7C8D /* WatchLandmarks Extension */;
			targetProxy = 0DB9186F24B6B8D2000A7C8D /* PBXContainerItemProxy */;
		};
		0DB9188424B6B8D3000A7C8D /* PBXTargetDependency */ = {
			isa = PBXTargetDependency;
			target = 0DB9186024B6B8D0000A7C8D /* WatchLandmarks */;
			targetProxy = 0DB9188324B6B8D3000A7C8D /* PBXContainerItemProxy */;
		};
/* End PBXTargetDependency section */

/* Begin PBXVariantGroup section */
		0D3806DD24B9605F00E8EF15 /* Main.storyboard */ = {
			isa = PBXVariantGroup;
			children = (
				0D3806DE24B9605F00E8EF15 /* Base */,
			);
			name = Main.storyboard;
			sourceTree = "<group>";
		};
		0D85F0C524A5EF100085765E /* LaunchScreen.storyboard */ = {
			isa = PBXVariantGroup;
			children = (
				0D85F0C624A5EF100085765E /* Base */,
			);
			name = LaunchScreen.storyboard;
			sourceTree = "<group>";
		};
		0DB9186324B6B8D0000A7C8D /* Interface.storyboard */ = {
			isa = PBXVariantGroup;
			children = (
				0DB9186424B6B8D0000A7C8D /* Base */,
			);
			name = Interface.storyboard;
			sourceTree = "<group>";
		};
/* End PBXVariantGroup section */

/* Begin XCBuildConfiguration section */
		0D3806F824B9605F00E8EF15 /* Debug */ = {
			isa = XCBuildConfiguration;
			buildSettings = {
				ASSETCATALOG_COMPILER_APPICON_NAME = AppIcon;
				CODE_SIGN_ENTITLEMENTS = MacLandmarks/MacLandmarks.entitlements;
				CODE_SIGN_STYLE = Automatic;
				COMBINE_HIDPI_IMAGES = YES;
				DEVELOPMENT_ASSET_PATHS = "\"MacLandmarks/Preview Content\"";
				ENABLE_PREVIEWS = YES;
				INFOPLIST_FILE = MacLandmarks/Info.plist;
				LD_RUNPATH_SEARCH_PATHS = (
					"$(inherited)",
					"@executable_path/../Frameworks",
				);
				MACOSX_DEPLOYMENT_TARGET = 10.15.3;
				PRODUCT_BUNDLE_IDENTIFIER = mnrn.MacLandmarks;
				PRODUCT_NAME = "$(TARGET_NAME)";
				SDKROOT = macosx;
				SWIFT_VERSION = 5.0;
			};
			name = Debug;
		};
		0D3806F924B9605F00E8EF15 /* Release */ = {
			isa = XCBuildConfiguration;
			buildSettings = {
				ASSETCATALOG_COMPILER_APPICON_NAME = AppIcon;
				CODE_SIGN_ENTITLEMENTS = MacLandmarks/MacLandmarks.entitlements;
				CODE_SIGN_STYLE = Automatic;
				COMBINE_HIDPI_IMAGES = YES;
				DEVELOPMENT_ASSET_PATHS = "\"MacLandmarks/Preview Content\"";
				ENABLE_PREVIEWS = YES;
				INFOPLIST_FILE = MacLandmarks/Info.plist;
				LD_RUNPATH_SEARCH_PATHS = (
					"$(inherited)",
					"@executable_path/../Frameworks",
				);
				MACOSX_DEPLOYMENT_TARGET = 10.15.3;
				PRODUCT_BUNDLE_IDENTIFIER = mnrn.MacLandmarks;
				PRODUCT_NAME = "$(TARGET_NAME)";
				SDKROOT = macosx;
				SWIFT_VERSION = 5.0;
			};
			name = Release;
		};
		0D3806FA24B9605F00E8EF15 /* Debug */ = {
			isa = XCBuildConfiguration;
			buildSettings = {
				ALWAYS_EMBED_SWIFT_STANDARD_LIBRARIES = YES;
				BUNDLE_LOADER = "$(TEST_HOST)";
				CODE_SIGN_STYLE = Automatic;
				COMBINE_HIDPI_IMAGES = YES;
				INFOPLIST_FILE = MacLandmarksTests/Info.plist;
				LD_RUNPATH_SEARCH_PATHS = (
					"$(inherited)",
					"@executable_path/../Frameworks",
					"@loader_path/../Frameworks",
				);
				MACOSX_DEPLOYMENT_TARGET = 10.15;
				PRODUCT_BUNDLE_IDENTIFIER = mnrn.MacLandmarksTests;
				PRODUCT_NAME = "$(TARGET_NAME)";
				SDKROOT = macosx;
				SWIFT_VERSION = 5.0;
				TEST_HOST = "$(BUILT_PRODUCTS_DIR)/MacLandmarks.app/Contents/MacOS/MacLandmarks";
			};
			name = Debug;
		};
		0D3806FB24B9605F00E8EF15 /* Release */ = {
			isa = XCBuildConfiguration;
			buildSettings = {
				ALWAYS_EMBED_SWIFT_STANDARD_LIBRARIES = YES;
				BUNDLE_LOADER = "$(TEST_HOST)";
				CODE_SIGN_STYLE = Automatic;
				COMBINE_HIDPI_IMAGES = YES;
				INFOPLIST_FILE = MacLandmarksTests/Info.plist;
				LD_RUNPATH_SEARCH_PATHS = (
					"$(inherited)",
					"@executable_path/../Frameworks",
					"@loader_path/../Frameworks",
				);
				MACOSX_DEPLOYMENT_TARGET = 10.15;
				PRODUCT_BUNDLE_IDENTIFIER = mnrn.MacLandmarksTests;
				PRODUCT_NAME = "$(TARGET_NAME)";
				SDKROOT = macosx;
				SWIFT_VERSION = 5.0;
				TEST_HOST = "$(BUILT_PRODUCTS_DIR)/MacLandmarks.app/Contents/MacOS/MacLandmarks";
			};
			name = Release;
		};
		0D3806FC24B9605F00E8EF15 /* Debug */ = {
			isa = XCBuildConfiguration;
			buildSettings = {
				ALWAYS_EMBED_SWIFT_STANDARD_LIBRARIES = YES;
				CODE_SIGN_STYLE = Automatic;
				COMBINE_HIDPI_IMAGES = YES;
				INFOPLIST_FILE = MacLandmarksUITests/Info.plist;
				LD_RUNPATH_SEARCH_PATHS = (
					"$(inherited)",
					"@executable_path/../Frameworks",
					"@loader_path/../Frameworks",
				);
				MACOSX_DEPLOYMENT_TARGET = 10.15;
				PRODUCT_BUNDLE_IDENTIFIER = mnrn.MacLandmarksUITests;
				PRODUCT_NAME = "$(TARGET_NAME)";
				SDKROOT = macosx;
				SWIFT_VERSION = 5.0;
				TEST_TARGET_NAME = MacLandmarks;
			};
			name = Debug;
		};
		0D3806FD24B9605F00E8EF15 /* Release */ = {
			isa = XCBuildConfiguration;
			buildSettings = {
				ALWAYS_EMBED_SWIFT_STANDARD_LIBRARIES = YES;
				CODE_SIGN_STYLE = Automatic;
				COMBINE_HIDPI_IMAGES = YES;
				INFOPLIST_FILE = MacLandmarksUITests/Info.plist;
				LD_RUNPATH_SEARCH_PATHS = (
					"$(inherited)",
					"@executable_path/../Frameworks",
					"@loader_path/../Frameworks",
				);
				MACOSX_DEPLOYMENT_TARGET = 10.15;
				PRODUCT_BUNDLE_IDENTIFIER = mnrn.MacLandmarksUITests;
				PRODUCT_NAME = "$(TARGET_NAME)";
				SDKROOT = macosx;
				SWIFT_VERSION = 5.0;
				TEST_TARGET_NAME = MacLandmarks;
			};
			name = Release;
		};
		0D85F0DF24A5EF100085765E /* Debug */ = {
			isa = XCBuildConfiguration;
			buildSettings = {
				ALWAYS_SEARCH_USER_PATHS = NO;
				CLANG_ANALYZER_NONNULL = YES;
				CLANG_ANALYZER_NUMBER_OBJECT_CONVERSION = YES_AGGRESSIVE;
				CLANG_CXX_LANGUAGE_STANDARD = "gnu++14";
				CLANG_CXX_LIBRARY = "libc++";
				CLANG_ENABLE_MODULES = YES;
				CLANG_ENABLE_OBJC_ARC = YES;
				CLANG_ENABLE_OBJC_WEAK = YES;
				CLANG_WARN_BLOCK_CAPTURE_AUTORELEASING = YES;
				CLANG_WARN_BOOL_CONVERSION = YES;
				CLANG_WARN_COMMA = YES;
				CLANG_WARN_CONSTANT_CONVERSION = YES;
				CLANG_WARN_DEPRECATED_OBJC_IMPLEMENTATIONS = YES;
				CLANG_WARN_DIRECT_OBJC_ISA_USAGE = YES_ERROR;
				CLANG_WARN_DOCUMENTATION_COMMENTS = YES;
				CLANG_WARN_EMPTY_BODY = YES;
				CLANG_WARN_ENUM_CONVERSION = YES;
				CLANG_WARN_INFINITE_RECURSION = YES;
				CLANG_WARN_INT_CONVERSION = YES;
				CLANG_WARN_NON_LITERAL_NULL_CONVERSION = YES;
				CLANG_WARN_OBJC_IMPLICIT_RETAIN_SELF = YES;
				CLANG_WARN_OBJC_LITERAL_CONVERSION = YES;
				CLANG_WARN_OBJC_ROOT_CLASS = YES_ERROR;
				CLANG_WARN_RANGE_LOOP_ANALYSIS = YES;
				CLANG_WARN_STRICT_PROTOTYPES = YES;
				CLANG_WARN_SUSPICIOUS_MOVE = YES;
				CLANG_WARN_UNGUARDED_AVAILABILITY = YES_AGGRESSIVE;
				CLANG_WARN_UNREACHABLE_CODE = YES;
				CLANG_WARN__DUPLICATE_METHOD_MATCH = YES;
				COPY_PHASE_STRIP = NO;
				DEBUG_INFORMATION_FORMAT = dwarf;
				ENABLE_STRICT_OBJC_MSGSEND = YES;
				ENABLE_TESTABILITY = YES;
				GCC_C_LANGUAGE_STANDARD = gnu11;
				GCC_DYNAMIC_NO_PIC = NO;
				GCC_NO_COMMON_BLOCKS = YES;
				GCC_OPTIMIZATION_LEVEL = 0;
				GCC_PREPROCESSOR_DEFINITIONS = (
					"DEBUG=1",
					"$(inherited)",
				);
				GCC_WARN_64_TO_32_BIT_CONVERSION = YES;
				GCC_WARN_ABOUT_RETURN_TYPE = YES_ERROR;
				GCC_WARN_UNDECLARED_SELECTOR = YES;
				GCC_WARN_UNINITIALIZED_AUTOS = YES_AGGRESSIVE;
				GCC_WARN_UNUSED_FUNCTION = YES;
				GCC_WARN_UNUSED_VARIABLE = YES;
				IPHONEOS_DEPLOYMENT_TARGET = 13.5;
				MTL_ENABLE_DEBUG_INFO = INCLUDE_SOURCE;
				MTL_FAST_MATH = YES;
				ONLY_ACTIVE_ARCH = YES;
				SDKROOT = iphoneos;
				SWIFT_ACTIVE_COMPILATION_CONDITIONS = DEBUG;
				SWIFT_OPTIMIZATION_LEVEL = "-Onone";
			};
			name = Debug;
		};
		0D85F0E024A5EF100085765E /* Release */ = {
			isa = XCBuildConfiguration;
			buildSettings = {
				ALWAYS_SEARCH_USER_PATHS = NO;
				CLANG_ANALYZER_NONNULL = YES;
				CLANG_ANALYZER_NUMBER_OBJECT_CONVERSION = YES_AGGRESSIVE;
				CLANG_CXX_LANGUAGE_STANDARD = "gnu++14";
				CLANG_CXX_LIBRARY = "libc++";
				CLANG_ENABLE_MODULES = YES;
				CLANG_ENABLE_OBJC_ARC = YES;
				CLANG_ENABLE_OBJC_WEAK = YES;
				CLANG_WARN_BLOCK_CAPTURE_AUTORELEASING = YES;
				CLANG_WARN_BOOL_CONVERSION = YES;
				CLANG_WARN_COMMA = YES;
				CLANG_WARN_CONSTANT_CONVERSION = YES;
				CLANG_WARN_DEPRECATED_OBJC_IMPLEMENTATIONS = YES;
				CLANG_WARN_DIRECT_OBJC_ISA_USAGE = YES_ERROR;
				CLANG_WARN_DOCUMENTATION_COMMENTS = YES;
				CLANG_WARN_EMPTY_BODY = YES;
				CLANG_WARN_ENUM_CONVERSION = YES;
				CLANG_WARN_INFINITE_RECURSION = YES;
				CLANG_WARN_INT_CONVERSION = YES;
				CLANG_WARN_NON_LITERAL_NULL_CONVERSION = YES;
				CLANG_WARN_OBJC_IMPLICIT_RETAIN_SELF = YES;
				CLANG_WARN_OBJC_LITERAL_CONVERSION = YES;
				CLANG_WARN_OBJC_ROOT_CLASS = YES_ERROR;
				CLANG_WARN_RANGE_LOOP_ANALYSIS = YES;
				CLANG_WARN_STRICT_PROTOTYPES = YES;
				CLANG_WARN_SUSPICIOUS_MOVE = YES;
				CLANG_WARN_UNGUARDED_AVAILABILITY = YES_AGGRESSIVE;
				CLANG_WARN_UNREACHABLE_CODE = YES;
				CLANG_WARN__DUPLICATE_METHOD_MATCH = YES;
				COPY_PHASE_STRIP = NO;
				DEBUG_INFORMATION_FORMAT = "dwarf-with-dsym";
				ENABLE_NS_ASSERTIONS = NO;
				ENABLE_STRICT_OBJC_MSGSEND = YES;
				GCC_C_LANGUAGE_STANDARD = gnu11;
				GCC_NO_COMMON_BLOCKS = YES;
				GCC_WARN_64_TO_32_BIT_CONVERSION = YES;
				GCC_WARN_ABOUT_RETURN_TYPE = YES_ERROR;
				GCC_WARN_UNDECLARED_SELECTOR = YES;
				GCC_WARN_UNINITIALIZED_AUTOS = YES_AGGRESSIVE;
				GCC_WARN_UNUSED_FUNCTION = YES;
				GCC_WARN_UNUSED_VARIABLE = YES;
				IPHONEOS_DEPLOYMENT_TARGET = 13.5;
				MTL_ENABLE_DEBUG_INFO = NO;
				MTL_FAST_MATH = YES;
				SDKROOT = iphoneos;
				SWIFT_COMPILATION_MODE = wholemodule;
				SWIFT_OPTIMIZATION_LEVEL = "-O";
				VALIDATE_PRODUCT = YES;
			};
			name = Release;
		};
		0D85F0E224A5EF100085765E /* Debug */ = {
			isa = XCBuildConfiguration;
			buildSettings = {
				ASSETCATALOG_COMPILER_APPICON_NAME = AppIcon;
				CODE_SIGN_STYLE = Automatic;
				DEVELOPMENT_ASSET_PATHS = "\"Landmarks/Preview Content\"";
				ENABLE_PREVIEWS = YES;
				INFOPLIST_FILE = Landmarks/Info.plist;
				IPHONEOS_DEPLOYMENT_TARGET = 13.5;
				LD_RUNPATH_SEARCH_PATHS = (
					"$(inherited)",
					"@executable_path/Frameworks",
				);
				PRODUCT_BUNDLE_IDENTIFIER = mnrn.Landmarks;
				PRODUCT_NAME = "$(TARGET_NAME)";
				SWIFT_VERSION = 5.0;
				TARGETED_DEVICE_FAMILY = "1,2";
			};
			name = Debug;
		};
		0D85F0E324A5EF100085765E /* Release */ = {
			isa = XCBuildConfiguration;
			buildSettings = {
				ASSETCATALOG_COMPILER_APPICON_NAME = AppIcon;
				CODE_SIGN_STYLE = Automatic;
				DEVELOPMENT_ASSET_PATHS = "\"Landmarks/Preview Content\"";
				ENABLE_PREVIEWS = YES;
				INFOPLIST_FILE = Landmarks/Info.plist;
				IPHONEOS_DEPLOYMENT_TARGET = 13.5;
				LD_RUNPATH_SEARCH_PATHS = (
					"$(inherited)",
					"@executable_path/Frameworks",
				);
				PRODUCT_BUNDLE_IDENTIFIER = mnrn.Landmarks;
				PRODUCT_NAME = "$(TARGET_NAME)";
				SWIFT_VERSION = 5.0;
				TARGETED_DEVICE_FAMILY = "1,2";
			};
			name = Release;
		};
		0D85F0E524A5EF100085765E /* Debug */ = {
			isa = XCBuildConfiguration;
			buildSettings = {
				ALWAYS_EMBED_SWIFT_STANDARD_LIBRARIES = YES;
				BUNDLE_LOADER = "$(TEST_HOST)";
				CODE_SIGN_STYLE = Automatic;
				INFOPLIST_FILE = LandmarksTests/Info.plist;
				IPHONEOS_DEPLOYMENT_TARGET = 13.5;
				LD_RUNPATH_SEARCH_PATHS = (
					"$(inherited)",
					"@executable_path/Frameworks",
					"@loader_path/Frameworks",
				);
				PRODUCT_BUNDLE_IDENTIFIER = mnrn.LandmarksTests;
				PRODUCT_NAME = "$(TARGET_NAME)";
				SWIFT_VERSION = 5.0;
				TARGETED_DEVICE_FAMILY = "1,2";
				TEST_HOST = "$(BUILT_PRODUCTS_DIR)/Landmarks.app/Landmarks";
			};
			name = Debug;
		};
		0D85F0E624A5EF100085765E /* Release */ = {
			isa = XCBuildConfiguration;
			buildSettings = {
				ALWAYS_EMBED_SWIFT_STANDARD_LIBRARIES = YES;
				BUNDLE_LOADER = "$(TEST_HOST)";
				CODE_SIGN_STYLE = Automatic;
				INFOPLIST_FILE = LandmarksTests/Info.plist;
				IPHONEOS_DEPLOYMENT_TARGET = 13.5;
				LD_RUNPATH_SEARCH_PATHS = (
					"$(inherited)",
					"@executable_path/Frameworks",
					"@loader_path/Frameworks",
				);
				PRODUCT_BUNDLE_IDENTIFIER = mnrn.LandmarksTests;
				PRODUCT_NAME = "$(TARGET_NAME)";
				SWIFT_VERSION = 5.0;
				TARGETED_DEVICE_FAMILY = "1,2";
				TEST_HOST = "$(BUILT_PRODUCTS_DIR)/Landmarks.app/Landmarks";
			};
			name = Release;
		};
		0D85F0E824A5EF100085765E /* Debug */ = {
			isa = XCBuildConfiguration;
			buildSettings = {
				ALWAYS_EMBED_SWIFT_STANDARD_LIBRARIES = YES;
				CODE_SIGN_STYLE = Automatic;
				INFOPLIST_FILE = LandmarksUITests/Info.plist;
				LD_RUNPATH_SEARCH_PATHS = (
					"$(inherited)",
					"@executable_path/Frameworks",
					"@loader_path/Frameworks",
				);
				PRODUCT_BUNDLE_IDENTIFIER = mnrn.LandmarksUITests;
				PRODUCT_NAME = "$(TARGET_NAME)";
				SWIFT_VERSION = 5.0;
				TARGETED_DEVICE_FAMILY = "1,2";
				TEST_TARGET_NAME = Landmarks;
			};
			name = Debug;
		};
		0D85F0E924A5EF100085765E /* Release */ = {
			isa = XCBuildConfiguration;
			buildSettings = {
				ALWAYS_EMBED_SWIFT_STANDARD_LIBRARIES = YES;
				CODE_SIGN_STYLE = Automatic;
				INFOPLIST_FILE = LandmarksUITests/Info.plist;
				LD_RUNPATH_SEARCH_PATHS = (
					"$(inherited)",
					"@executable_path/Frameworks",
					"@loader_path/Frameworks",
				);
				PRODUCT_BUNDLE_IDENTIFIER = mnrn.LandmarksUITests;
				PRODUCT_NAME = "$(TARGET_NAME)";
				SWIFT_VERSION = 5.0;
				TARGETED_DEVICE_FAMILY = "1,2";
				TEST_TARGET_NAME = Landmarks;
			};
			name = Release;
		};
		0DB9188724B6B8D3000A7C8D /* Debug */ = {
			isa = XCBuildConfiguration;
			buildSettings = {
				ALWAYS_EMBED_SWIFT_STANDARD_LIBRARIES = YES;
				ASSETCATALOG_COMPILER_APPICON_NAME = AppIcon;
				CODE_SIGN_STYLE = Automatic;
				IBSC_MODULE = WatchLandmarks_Extension;
				INFOPLIST_FILE = WatchLandmarks/Info.plist;
				PRODUCT_BUNDLE_IDENTIFIER = mnrn.Landmarks.watchkitapp;
				PRODUCT_NAME = "$(TARGET_NAME)";
				SDKROOT = watchos;
				SKIP_INSTALL = YES;
				SWIFT_VERSION = 5.0;
				TARGETED_DEVICE_FAMILY = 4;
				WATCHOS_DEPLOYMENT_TARGET = 6.2;
			};
			name = Debug;
		};
		0DB9188824B6B8D3000A7C8D /* Release */ = {
			isa = XCBuildConfiguration;
			buildSettings = {
				ALWAYS_EMBED_SWIFT_STANDARD_LIBRARIES = YES;
				ASSETCATALOG_COMPILER_APPICON_NAME = AppIcon;
				CODE_SIGN_STYLE = Automatic;
				IBSC_MODULE = WatchLandmarks_Extension;
				INFOPLIST_FILE = WatchLandmarks/Info.plist;
				PRODUCT_BUNDLE_IDENTIFIER = mnrn.Landmarks.watchkitapp;
				PRODUCT_NAME = "$(TARGET_NAME)";
				SDKROOT = watchos;
				SKIP_INSTALL = YES;
				SWIFT_VERSION = 5.0;
				TARGETED_DEVICE_FAMILY = 4;
				WATCHOS_DEPLOYMENT_TARGET = 6.2;
			};
			name = Release;
		};
		0DB9188A24B6B8D3000A7C8D /* Debug */ = {
			isa = XCBuildConfiguration;
			buildSettings = {
				ASSETCATALOG_COMPILER_COMPLICATION_NAME = Complication;
				CODE_SIGN_STYLE = Automatic;
				DEVELOPMENT_ASSET_PATHS = "\"WatchLandmarks Extension/Preview Content\"";
				ENABLE_PREVIEWS = YES;
				INFOPLIST_FILE = "WatchLandmarks Extension/Info.plist";
				LD_RUNPATH_SEARCH_PATHS = (
					"$(inherited)",
					"@executable_path/Frameworks",
					"@executable_path/../../Frameworks",
				);
				PRODUCT_BUNDLE_IDENTIFIER = mnrn.Landmarks.watchkitapp.watchkitextension;
				PRODUCT_NAME = "${TARGET_NAME}";
				SDKROOT = watchos;
				SKIP_INSTALL = YES;
				SWIFT_VERSION = 5.0;
				TARGETED_DEVICE_FAMILY = 4;
				WATCHOS_DEPLOYMENT_TARGET = 6.2;
			};
			name = Debug;
		};
		0DB9188B24B6B8D3000A7C8D /* Release */ = {
			isa = XCBuildConfiguration;
			buildSettings = {
				ASSETCATALOG_COMPILER_COMPLICATION_NAME = Complication;
				CODE_SIGN_STYLE = Automatic;
				DEVELOPMENT_ASSET_PATHS = "\"WatchLandmarks Extension/Preview Content\"";
				ENABLE_PREVIEWS = YES;
				INFOPLIST_FILE = "WatchLandmarks Extension/Info.plist";
				LD_RUNPATH_SEARCH_PATHS = (
					"$(inherited)",
					"@executable_path/Frameworks",
					"@executable_path/../../Frameworks",
				);
				PRODUCT_BUNDLE_IDENTIFIER = mnrn.Landmarks.watchkitapp.watchkitextension;
				PRODUCT_NAME = "${TARGET_NAME}";
				SDKROOT = watchos;
				SKIP_INSTALL = YES;
				SWIFT_VERSION = 5.0;
				TARGETED_DEVICE_FAMILY = 4;
				WATCHOS_DEPLOYMENT_TARGET = 6.2;
			};
			name = Release;
		};
/* End XCBuildConfiguration section */

/* Begin XCConfigurationList section */
		0D3806FE24B9605F00E8EF15 /* Build configuration list for PBXNativeTarget "MacLandmarks" */ = {
			isa = XCConfigurationList;
			buildConfigurations = (
				0D3806F824B9605F00E8EF15 /* Debug */,
				0D3806F924B9605F00E8EF15 /* Release */,
			);
			defaultConfigurationIsVisible = 0;
			defaultConfigurationName = Release;
		};
		0D3806FF24B9605F00E8EF15 /* Build configuration list for PBXNativeTarget "MacLandmarksTests" */ = {
			isa = XCConfigurationList;
			buildConfigurations = (
				0D3806FA24B9605F00E8EF15 /* Debug */,
				0D3806FB24B9605F00E8EF15 /* Release */,
			);
			defaultConfigurationIsVisible = 0;
			defaultConfigurationName = Release;
		};
		0D38070024B9605F00E8EF15 /* Build configuration list for PBXNativeTarget "MacLandmarksUITests" */ = {
			isa = XCConfigurationList;
			buildConfigurations = (
				0D3806FC24B9605F00E8EF15 /* Debug */,
				0D3806FD24B9605F00E8EF15 /* Release */,
			);
			defaultConfigurationIsVisible = 0;
			defaultConfigurationName = Release;
		};
		0D85F0B224A5EF0F0085765E /* Build configuration list for PBXProject "Landmarks" */ = {
			isa = XCConfigurationList;
			buildConfigurations = (
				0D85F0DF24A5EF100085765E /* Debug */,
				0D85F0E024A5EF100085765E /* Release */,
			);
			defaultConfigurationIsVisible = 0;
			defaultConfigurationName = Release;
		};
		0D85F0E124A5EF100085765E /* Build configuration list for PBXNativeTarget "Landmarks" */ = {
			isa = XCConfigurationList;
			buildConfigurations = (
				0D85F0E224A5EF100085765E /* Debug */,
				0D85F0E324A5EF100085765E /* Release */,
			);
			defaultConfigurationIsVisible = 0;
			defaultConfigurationName = Release;
		};
		0D85F0E424A5EF100085765E /* Build configuration list for PBXNativeTarget "LandmarksTests" */ = {
			isa = XCConfigurationList;
			buildConfigurations = (
				0D85F0E524A5EF100085765E /* Debug */,
				0D85F0E624A5EF100085765E /* Release */,
			);
			defaultConfigurationIsVisible = 0;
			defaultConfigurationName = Release;
		};
		0D85F0E724A5EF100085765E /* Build configuration list for PBXNativeTarget "LandmarksUITests" */ = {
			isa = XCConfigurationList;
			buildConfigurations = (
				0D85F0E824A5EF100085765E /* Debug */,
				0D85F0E924A5EF100085765E /* Release */,
			);
			defaultConfigurationIsVisible = 0;
			defaultConfigurationName = Release;
		};
		0DB9188C24B6B8D3000A7C8D /* Build configuration list for PBXNativeTarget "WatchLandmarks Extension" */ = {
			isa = XCConfigurationList;
			buildConfigurations = (
				0DB9188A24B6B8D3000A7C8D /* Debug */,
				0DB9188B24B6B8D3000A7C8D /* Release */,
			);
			defaultConfigurationIsVisible = 0;
			defaultConfigurationName = Release;
		};
		0DB9188D24B6B8D3000A7C8D /* Build configuration list for PBXNativeTarget "WatchLandmarks" */ = {
			isa = XCConfigurationList;
			buildConfigurations = (
				0DB9188724B6B8D3000A7C8D /* Debug */,
				0DB9188824B6B8D3000A7C8D /* Release */,
			);
			defaultConfigurationIsVisible = 0;
			defaultConfigurationName = Release;
		};
/* End XCConfigurationList section */
	};
	rootObject = 0D85F0AF24A5EF0F0085765E /* Project object */;
}
