// !$*UTF8*$!
{
	archiveVersion = 1;
	classes = {
	};
	objectVersion = 50;
	objects = {

/* Begin PBXBuildFile section */
		0D85F0BB24A5EF0F0085765E /* AppDelegate.swift in Sources */ = {isa = PBXBuildFile; fileRef = 0D85F0BA24A5EF0F0085765E /* AppDelegate.swift */; };
		0D85F0BD24A5EF0F0085765E /* SceneDelegate.swift in Sources */ = {isa = PBXBuildFile; fileRef = 0D85F0BC24A5EF0F0085765E /* SceneDelegate.swift */; };
		0D85F0C124A5EF100085765E /* Assets.xcassets in Resources */ = {isa = PBXBuildFile; fileRef = 0D85F0C024A5EF100085765E /* Assets.xcassets */; };
		0D85F0C424A5EF100085765E /* Preview Assets.xcassets in Resources */ = {isa = PBXBuildFile; fileRef = 0D85F0C324A5EF100085765E /* Preview Assets.xcassets */; };
		0D85F0C724A5EF100085765E /* LaunchScreen.storyboard in Resources */ = {isa = PBXBuildFile; fileRef = 0D85F0C524A5EF100085765E /* LaunchScreen.storyboard */; };
		0D85F0D224A5EF100085765E /* LandmarksTests.swift in Sources */ = {isa = PBXBuildFile; fileRef = 0D85F0D124A5EF100085765E /* LandmarksTests.swift */; };
		0D85F0DD24A5EF100085765E /* LandmarksUITests.swift in Sources */ = {isa = PBXBuildFile; fileRef = 0D85F0DC24A5EF100085765E /* LandmarksUITests.swift */; };
		0D85F0F424A753970085765E /* CircleImage.swift in Sources */ = {isa = PBXBuildFile; fileRef = 0D85F0F324A753970085765E /* CircleImage.swift */; };
		0D85F0F624A993330085765E /* MapView.swift in Sources */ = {isa = PBXBuildFile; fileRef = 0D85F0F524A993330085765E /* MapView.swift */; };
		0D85F0FF24AAFFBA0085765E /* LandmarkDetail.swift in Sources */ = {isa = PBXBuildFile; fileRef = 0D85F0FE24AAFFBA0085765E /* LandmarkDetail.swift */; };
		0D85F10124AAFFF70085765E /* Data.swift in Sources */ = {isa = PBXBuildFile; fileRef = 0D85F10024AAFFF70085765E /* Data.swift */; };
		0D85F10324AB00160085765E /* Landmark.swift in Sources */ = {isa = PBXBuildFile; fileRef = 0D85F10224AB00160085765E /* Landmark.swift */; };
		0D85F12C24AB03990085765E /* chilkoottrail.jpg in Resources */ = {isa = PBXBuildFile; fileRef = 0D85F11F24AB03990085765E /* chilkoottrail.jpg */; };
		0D85F12D24AB03990085765E /* twinlake.jpg in Resources */ = {isa = PBXBuildFile; fileRef = 0D85F12024AB03990085765E /* twinlake.jpg */; };
		0D85F12E24AB03990085765E /* rainbowlake.jpg in Resources */ = {isa = PBXBuildFile; fileRef = 0D85F12124AB03990085765E /* rainbowlake.jpg */; };
		0D85F12F24AB03990085765E /* lakemcdonald.jpg in Resources */ = {isa = PBXBuildFile; fileRef = 0D85F12224AB03990085765E /* lakemcdonald.jpg */; };
		0D85F13024AB03990085765E /* hiddenlake.jpg in Resources */ = {isa = PBXBuildFile; fileRef = 0D85F12324AB03990085765E /* hiddenlake.jpg */; };
		0D85F13124AB03990085765E /* umbagog.jpg in Resources */ = {isa = PBXBuildFile; fileRef = 0D85F12424AB03990085765E /* umbagog.jpg */; };
		0D85F13224AB03990085765E /* turtlerock.jpg in Resources */ = {isa = PBXBuildFile; fileRef = 0D85F12524AB03990085765E /* turtlerock.jpg */; };
		0D85F13324AB03990085765E /* chincoteague.jpg in Resources */ = {isa = PBXBuildFile; fileRef = 0D85F12624AB03990085765E /* chincoteague.jpg */; };
		0D85F13424AB03990085765E /* yukon_charleyrivers.jpg in Resources */ = {isa = PBXBuildFile; fileRef = 0D85F12724AB03990085765E /* yukon_charleyrivers.jpg */; };
		0D85F13524AB03990085765E /* icybay.jpg in Resources */ = {isa = PBXBuildFile; fileRef = 0D85F12824AB03990085765E /* icybay.jpg */; };
		0D85F13624AB03990085765E /* stmarylake.jpg in Resources */ = {isa = PBXBuildFile; fileRef = 0D85F12924AB03990085765E /* stmarylake.jpg */; };
		0D85F13724AB03990085765E /* silversalmoncreek.jpg in Resources */ = {isa = PBXBuildFile; fileRef = 0D85F12A24AB03990085765E /* silversalmoncreek.jpg */; };
		0D85F13824AB03990085765E /* landmarkData.json in Resources */ = {isa = PBXBuildFile; fileRef = 0D85F12B24AB03990085765E /* landmarkData.json */; };
		0D85F13A24AB05C00085765E /* LandmarkRow.swift in Sources */ = {isa = PBXBuildFile; fileRef = 0D85F13924AB05C00085765E /* LandmarkRow.swift */; };
		0D85F13C24AB18610085765E /* LandmarkList.swift in Sources */ = {isa = PBXBuildFile; fileRef = 0D85F13B24AB18610085765E /* LandmarkList.swift */; };
/* End PBXBuildFile section */

/* Begin PBXContainerItemProxy section */
		0D85F0CE24A5EF100085765E /* PBXContainerItemProxy */ = {
			isa = PBXContainerItemProxy;
			containerPortal = 0D85F0AF24A5EF0F0085765E /* Project object */;
			proxyType = 1;
			remoteGlobalIDString = 0D85F0B624A5EF0F0085765E;
			remoteInfo = Landmarks;
		};
		0D85F0D924A5EF100085765E /* PBXContainerItemProxy */ = {
			isa = PBXContainerItemProxy;
			containerPortal = 0D85F0AF24A5EF0F0085765E /* Project object */;
			proxyType = 1;
			remoteGlobalIDString = 0D85F0B624A5EF0F0085765E;
			remoteInfo = Landmarks;
		};
/* End PBXContainerItemProxy section */

/* Begin PBXFileReference section */
		0D85F0B724A5EF0F0085765E /* Landmarks.app */ = {isa = PBXFileReference; explicitFileType = wrapper.application; includeInIndex = 0; path = Landmarks.app; sourceTree = BUILT_PRODUCTS_DIR; };
		0D85F0BA24A5EF0F0085765E /* AppDelegate.swift */ = {isa = PBXFileReference; lastKnownFileType = sourcecode.swift; path = AppDelegate.swift; sourceTree = "<group>"; };
		0D85F0BC24A5EF0F0085765E /* SceneDelegate.swift */ = {isa = PBXFileReference; lastKnownFileType = sourcecode.swift; path = SceneDelegate.swift; sourceTree = "<group>"; };
		0D85F0C024A5EF100085765E /* Assets.xcassets */ = {isa = PBXFileReference; lastKnownFileType = folder.assetcatalog; path = Assets.xcassets; sourceTree = "<group>"; };
		0D85F0C324A5EF100085765E /* Preview Assets.xcassets */ = {isa = PBXFileReference; lastKnownFileType = folder.assetcatalog; path = "Preview Assets.xcassets"; sourceTree = "<group>"; };
		0D85F0C624A5EF100085765E /* Base */ = {isa = PBXFileReference; lastKnownFileType = file.storyboard; name = Base; path = Base.lproj/LaunchScreen.storyboard; sourceTree = "<group>"; };
		0D85F0C824A5EF100085765E /* Info.plist */ = {isa = PBXFileReference; lastKnownFileType = text.plist.xml; path = Info.plist; sourceTree = "<group>"; };
		0D85F0CD24A5EF100085765E /* LandmarksTests.xctest */ = {isa = PBXFileReference; explicitFileType = wrapper.cfbundle; includeInIndex = 0; path = LandmarksTests.xctest; sourceTree = BUILT_PRODUCTS_DIR; };
		0D85F0D124A5EF100085765E /* LandmarksTests.swift */ = {isa = PBXFileReference; lastKnownFileType = sourcecode.swift; path = LandmarksTests.swift; sourceTree = "<group>"; };
		0D85F0D324A5EF100085765E /* Info.plist */ = {isa = PBXFileReference; lastKnownFileType = text.plist.xml; path = Info.plist; sourceTree = "<group>"; };
		0D85F0D824A5EF100085765E /* LandmarksUITests.xctest */ = {isa = PBXFileReference; explicitFileType = wrapper.cfbundle; includeInIndex = 0; path = LandmarksUITests.xctest; sourceTree = BUILT_PRODUCTS_DIR; };
		0D85F0DC24A5EF100085765E /* LandmarksUITests.swift */ = {isa = PBXFileReference; lastKnownFileType = sourcecode.swift; path = LandmarksUITests.swift; sourceTree = "<group>"; };
		0D85F0DE24A5EF100085765E /* Info.plist */ = {isa = PBXFileReference; lastKnownFileType = text.plist.xml; path = Info.plist; sourceTree = "<group>"; };
		0D85F0F324A753970085765E /* CircleImage.swift */ = {isa = PBXFileReference; lastKnownFileType = sourcecode.swift; path = CircleImage.swift; sourceTree = "<group>"; };
		0D85F0F524A993330085765E /* MapView.swift */ = {isa = PBXFileReference; lastKnownFileType = sourcecode.swift; path = MapView.swift; sourceTree = "<group>"; };
		0D85F0FE24AAFFBA0085765E /* LandmarkDetail.swift */ = {isa = PBXFileReference; lastKnownFileType = sourcecode.swift; path = LandmarkDetail.swift; sourceTree = "<group>"; };
		0D85F10024AAFFF70085765E /* Data.swift */ = {isa = PBXFileReference; lastKnownFileType = sourcecode.swift; path = Data.swift; sourceTree = "<group>"; };
		0D85F10224AB00160085765E /* Landmark.swift */ = {isa = PBXFileReference; lastKnownFileType = sourcecode.swift; path = Landmark.swift; sourceTree = "<group>"; };
		0D85F11F24AB03990085765E /* chilkoottrail.jpg */ = {isa = PBXFileReference; lastKnownFileType = image.jpeg; path = chilkoottrail.jpg; sourceTree = "<group>"; };
		0D85F12024AB03990085765E /* twinlake.jpg */ = {isa = PBXFileReference; lastKnownFileType = image.jpeg; path = twinlake.jpg; sourceTree = "<group>"; };
		0D85F12124AB03990085765E /* rainbowlake.jpg */ = {isa = PBXFileReference; lastKnownFileType = image.jpeg; path = rainbowlake.jpg; sourceTree = "<group>"; };
		0D85F12224AB03990085765E /* lakemcdonald.jpg */ = {isa = PBXFileReference; lastKnownFileType = image.jpeg; path = lakemcdonald.jpg; sourceTree = "<group>"; };
		0D85F12324AB03990085765E /* hiddenlake.jpg */ = {isa = PBXFileReference; lastKnownFileType = image.jpeg; path = hiddenlake.jpg; sourceTree = "<group>"; };
		0D85F12424AB03990085765E /* umbagog.jpg */ = {isa = PBXFileReference; lastKnownFileType = image.jpeg; path = umbagog.jpg; sourceTree = "<group>"; };
		0D85F12524AB03990085765E /* turtlerock.jpg */ = {isa = PBXFileReference; lastKnownFileType = image.jpeg; path = turtlerock.jpg; sourceTree = "<group>"; };
		0D85F12624AB03990085765E /* chincoteague.jpg */ = {isa = PBXFileReference; lastKnownFileType = image.jpeg; path = chincoteague.jpg; sourceTree = "<group>"; };
		0D85F12724AB03990085765E /* yukon_charleyrivers.jpg */ = {isa = PBXFileReference; lastKnownFileType = image.jpeg; path = yukon_charleyrivers.jpg; sourceTree = "<group>"; };
		0D85F12824AB03990085765E /* icybay.jpg */ = {isa = PBXFileReference; lastKnownFileType = image.jpeg; path = icybay.jpg; sourceTree = "<group>"; };
		0D85F12924AB03990085765E /* stmarylake.jpg */ = {isa = PBXFileReference; lastKnownFileType = image.jpeg; path = stmarylake.jpg; sourceTree = "<group>"; };
		0D85F12A24AB03990085765E /* silversalmoncreek.jpg */ = {isa = PBXFileReference; lastKnownFileType = image.jpeg; path = silversalmoncreek.jpg; sourceTree = "<group>"; };
		0D85F12B24AB03990085765E /* landmarkData.json */ = {isa = PBXFileReference; fileEncoding = 4; lastKnownFileType = text.json; path = landmarkData.json; sourceTree = "<group>"; };
		0D85F13924AB05C00085765E /* LandmarkRow.swift */ = {isa = PBXFileReference; lastKnownFileType = sourcecode.swift; path = LandmarkRow.swift; sourceTree = "<group>"; };
		0D85F13B24AB18610085765E /* LandmarkList.swift */ = {isa = PBXFileReference; lastKnownFileType = sourcecode.swift; path = LandmarkList.swift; sourceTree = "<group>"; };
/* End PBXFileReference section */

/* Begin PBXFrameworksBuildPhase section */
		0D85F0B424A5EF0F0085765E /* Frameworks */ = {
			isa = PBXFrameworksBuildPhase;
			buildActionMask = 2147483647;
			files = (
			);
			runOnlyForDeploymentPostprocessing = 0;
		};
		0D85F0CA24A5EF100085765E /* Frameworks */ = {
			isa = PBXFrameworksBuildPhase;
			buildActionMask = 2147483647;
			files = (
			);
			runOnlyForDeploymentPostprocessing = 0;
		};
		0D85F0D524A5EF100085765E /* Frameworks */ = {
			isa = PBXFrameworksBuildPhase;
			buildActionMask = 2147483647;
			files = (
			);
			runOnlyForDeploymentPostprocessing = 0;
		};
/* End PBXFrameworksBuildPhase section */

/* Begin PBXGroup section */
		0D85F0AE24A5EF0F0085765E = {
			isa = PBXGroup;
			children = (
				0D85F0B924A5EF0F0085765E /* Landmarks */,
				0D85F0D024A5EF100085765E /* LandmarksTests */,
				0D85F0DB24A5EF100085765E /* LandmarksUITests */,
				0D85F0B824A5EF0F0085765E /* Products */,
			);
			sourceTree = "<group>";
		};
		0D85F0B824A5EF0F0085765E /* Products */ = {
			isa = PBXGroup;
			children = (
				0D85F0B724A5EF0F0085765E /* Landmarks.app */,
				0D85F0CD24A5EF100085765E /* LandmarksTests.xctest */,
				0D85F0D824A5EF100085765E /* LandmarksUITests.xctest */,
			);
			name = Products;
			sourceTree = "<group>";
		};
		0D85F0B924A5EF0F0085765E /* Landmarks */ = {
			isa = PBXGroup;
			children = (
				0D85F0F924AAFEDA0085765E /* Models */,
				0D85F0BA24A5EF0F0085765E /* AppDelegate.swift */,
				0D85F0BC24A5EF0F0085765E /* SceneDelegate.swift */,
				0D85F0FE24AAFFBA0085765E /* LandmarkDetail.swift */,
				0D85F13924AB05C00085765E /* LandmarkRow.swift */,
				0D85F13B24AB18610085765E /* LandmarkList.swift */,
				0D85F0F724AAFDFF0085765E /* Supporting Views */,
				0D85F10424AB00510085765E /* Resources */,
				0D85F0C024A5EF100085765E /* Assets.xcassets */,
				0D85F0C524A5EF100085765E /* LaunchScreen.storyboard */,
				0D85F0C824A5EF100085765E /* Info.plist */,
				0D85F0C224A5EF100085765E /* Preview Content */,
			);
			path = Landmarks;
			sourceTree = "<group>";
		};
		0D85F0C224A5EF100085765E /* Preview Content */ = {
			isa = PBXGroup;
			children = (
				0D85F0C324A5EF100085765E /* Preview Assets.xcassets */,
			);
			path = "Preview Content";
			sourceTree = "<group>";
		};
		0D85F0D024A5EF100085765E /* LandmarksTests */ = {
			isa = PBXGroup;
			children = (
				0D85F0D124A5EF100085765E /* LandmarksTests.swift */,
				0D85F0D324A5EF100085765E /* Info.plist */,
			);
			path = LandmarksTests;
			sourceTree = "<group>";
		};
		0D85F0DB24A5EF100085765E /* LandmarksUITests */ = {
			isa = PBXGroup;
			children = (
				0D85F0DC24A5EF100085765E /* LandmarksUITests.swift */,
				0D85F0DE24A5EF100085765E /* Info.plist */,
			);
			path = LandmarksUITests;
			sourceTree = "<group>";
		};
		0D85F0F724AAFDFF0085765E /* Supporting Views */ = {
			isa = PBXGroup;
			children = (
				0D85F0F324A753970085765E /* CircleImage.swift */,
				0D85F0F524A993330085765E /* MapView.swift */,
			);
			path = "Supporting Views";
			sourceTree = "<group>";
		};
		0D85F0F924AAFEDA0085765E /* Models */ = {
			isa = PBXGroup;
			children = (
				0D85F10024AAFFF70085765E /* Data.swift */,
				0D85F10224AB00160085765E /* Landmark.swift */,
			);
			path = Models;
			sourceTree = "<group>";
		};
		0D85F10424AB00510085765E /* Resources */ = {
			isa = PBXGroup;
			children = (
				0D85F11F24AB03990085765E /* chilkoottrail.jpg */,
				0D85F12624AB03990085765E /* chincoteague.jpg */,
				0D85F12324AB03990085765E /* hiddenlake.jpg */,
				0D85F12824AB03990085765E /* icybay.jpg */,
				0D85F12224AB03990085765E /* lakemcdonald.jpg */,
				0D85F12B24AB03990085765E /* landmarkData.json */,
				0D85F12124AB03990085765E /* rainbowlake.jpg */,
				0D85F12A24AB03990085765E /* silversalmoncreek.jpg */,
				0D85F12924AB03990085765E /* stmarylake.jpg */,
				0D85F12524AB03990085765E /* turtlerock.jpg */,
				0D85F12024AB03990085765E /* twinlake.jpg */,
				0D85F12424AB03990085765E /* umbagog.jpg */,
				0D85F12724AB03990085765E /* yukon_charleyrivers.jpg */,
			);
			path = Resources;
			sourceTree = "<group>";
		};
/* End PBXGroup section */

/* Begin PBXNativeTarget section */
		0D85F0B624A5EF0F0085765E /* Landmarks */ = {
			isa = PBXNativeTarget;
			buildConfigurationList = 0D85F0E124A5EF100085765E /* Build configuration list for PBXNativeTarget "Landmarks" */;
			buildPhases = (
				0D85F0B324A5EF0F0085765E /* Sources */,
				0D85F0B424A5EF0F0085765E /* Frameworks */,
				0D85F0B524A5EF0F0085765E /* Resources */,
			);
			buildRules = (
			);
			dependencies = (
			);
			name = Landmarks;
			productName = Landmarks;
			productReference = 0D85F0B724A5EF0F0085765E /* Landmarks.app */;
			productType = "com.apple.product-type.application";
		};
		0D85F0CC24A5EF100085765E /* LandmarksTests */ = {
			isa = PBXNativeTarget;
			buildConfigurationList = 0D85F0E424A5EF100085765E /* Build configuration list for PBXNativeTarget "LandmarksTests" */;
			buildPhases = (
				0D85F0C924A5EF100085765E /* Sources */,
				0D85F0CA24A5EF100085765E /* Frameworks */,
				0D85F0CB24A5EF100085765E /* Resources */,
			);
			buildRules = (
			);
			dependencies = (
				0D85F0CF24A5EF100085765E /* PBXTargetDependency */,
			);
			name = LandmarksTests;
			productName = LandmarksTests;
			productReference = 0D85F0CD24A5EF100085765E /* LandmarksTests.xctest */;
			productType = "com.apple.product-type.bundle.unit-test";
		};
		0D85F0D724A5EF100085765E /* LandmarksUITests */ = {
			isa = PBXNativeTarget;
			buildConfigurationList = 0D85F0E724A5EF100085765E /* Build configuration list for PBXNativeTarget "LandmarksUITests" */;
			buildPhases = (
				0D85F0D424A5EF100085765E /* Sources */,
				0D85F0D524A5EF100085765E /* Frameworks */,
				0D85F0D624A5EF100085765E /* Resources */,
			);
			buildRules = (
			);
			dependencies = (
				0D85F0DA24A5EF100085765E /* PBXTargetDependency */,
			);
			name = LandmarksUITests;
			productName = LandmarksUITests;
			productReference = 0D85F0D824A5EF100085765E /* LandmarksUITests.xctest */;
			productType = "com.apple.product-type.bundle.ui-testing";
		};
/* End PBXNativeTarget section */

/* Begin PBXProject section */
		0D85F0AF24A5EF0F0085765E /* Project object */ = {
			isa = PBXProject;
			attributes = {
				LastSwiftUpdateCheck = 1150;
				LastUpgradeCheck = 1150;
				ORGANIZATIONNAME = mnrn;
				TargetAttributes = {
					0D85F0B624A5EF0F0085765E = {
						CreatedOnToolsVersion = 11.5;
					};
					0D85F0CC24A5EF100085765E = {
						CreatedOnToolsVersion = 11.5;
						TestTargetID = 0D85F0B624A5EF0F0085765E;
					};
					0D85F0D724A5EF100085765E = {
						CreatedOnToolsVersion = 11.5;
						TestTargetID = 0D85F0B624A5EF0F0085765E;
					};
				};
			};
			buildConfigurationList = 0D85F0B224A5EF0F0085765E /* Build configuration list for PBXProject "Landmarks" */;
			compatibilityVersion = "Xcode 9.3";
			developmentRegion = en;
			hasScannedForEncodings = 0;
			knownRegions = (
				en,
				Base,
			);
			mainGroup = 0D85F0AE24A5EF0F0085765E;
			productRefGroup = 0D85F0B824A5EF0F0085765E /* Products */;
			projectDirPath = "";
			projectRoot = "";
			targets = (
				0D85F0B624A5EF0F0085765E /* Landmarks */,
				0D85F0CC24A5EF100085765E /* LandmarksTests */,
				0D85F0D724A5EF100085765E /* LandmarksUITests */,
			);
		};
/* End PBXProject section */

/* Begin PBXResourcesBuildPhase section */
		0D85F0B524A5EF0F0085765E /* Resources */ = {
			isa = PBXResourcesBuildPhase;
			buildActionMask = 2147483647;
			files = (
				0D85F13724AB03990085765E /* silversalmoncreek.jpg in Resources */,
				0D85F12F24AB03990085765E /* lakemcdonald.jpg in Resources */,
				0D85F0C724A5EF100085765E /* LaunchScreen.storyboard in Resources */,
				0D85F13524AB03990085765E /* icybay.jpg in Resources */,
				0D85F12E24AB03990085765E /* rainbowlake.jpg in Resources */,
				0D85F12D24AB03990085765E /* twinlake.jpg in Resources */,
				0D85F13224AB03990085765E /* turtlerock.jpg in Resources */,
				0D85F13624AB03990085765E /* stmarylake.jpg in Resources */,
				0D85F12C24AB03990085765E /* chilkoottrail.jpg in Resources */,
				0D85F0C424A5EF100085765E /* Preview Assets.xcassets in Resources */,
				0D85F13324AB03990085765E /* chincoteague.jpg in Resources */,
				0D85F13124AB03990085765E /* umbagog.jpg in Resources */,
				0D85F13024AB03990085765E /* hiddenlake.jpg in Resources */,
				0D85F13824AB03990085765E /* landmarkData.json in Resources */,
				0D85F13424AB03990085765E /* yukon_charleyrivers.jpg in Resources */,
				0D85F0C124A5EF100085765E /* Assets.xcassets in Resources */,
			);
			runOnlyForDeploymentPostprocessing = 0;
		};
		0D85F0CB24A5EF100085765E /* Resources */ = {
			isa = PBXResourcesBuildPhase;
			buildActionMask = 2147483647;
			files = (
			);
			runOnlyForDeploymentPostprocessing = 0;
		};
		0D85F0D624A5EF100085765E /* Resources */ = {
			isa = PBXResourcesBuildPhase;
			buildActionMask = 2147483647;
			files = (
			);
			runOnlyForDeploymentPostprocessing = 0;
		};
/* End PBXResourcesBuildPhase section */

/* Begin PBXSourcesBuildPhase section */
		0D85F0B324A5EF0F0085765E /* Sources */ = {
			isa = PBXSourcesBuildPhase;
			buildActionMask = 2147483647;
			files = (
				0D85F10124AAFFF70085765E /* Data.swift in Sources */,
				0D85F0BB24A5EF0F0085765E /* AppDelegate.swift in Sources */,
				0D85F0F424A753970085765E /* CircleImage.swift in Sources */,
				0D85F10324AB00160085765E /* Landmark.swift in Sources */,
				0D85F0FF24AAFFBA0085765E /* LandmarkDetail.swift in Sources */,
				0D85F0F624A993330085765E /* MapView.swift in Sources */,
				0D85F0BD24A5EF0F0085765E /* SceneDelegate.swift in Sources */,
				0D85F13A24AB05C00085765E /* LandmarkRow.swift in Sources */,
				0D85F13C24AB18610085765E /* LandmarkList.swift in Sources */,
			);
			runOnlyForDeploymentPostprocessing = 0;
		};
		0D85F0C924A5EF100085765E /* Sources */ = {
			isa = PBXSourcesBuildPhase;
			buildActionMask = 2147483647;
			files = (
				0D85F0D224A5EF100085765E /* LandmarksTests.swift in Sources */,
			);
			runOnlyForDeploymentPostprocessing = 0;
		};
		0D85F0D424A5EF100085765E /* Sources */ = {
			isa = PBXSourcesBuildPhase;
			buildActionMask = 2147483647;
			files = (
				0D85F0DD24A5EF100085765E /* LandmarksUITests.swift in Sources */,
			);
			runOnlyForDeploymentPostprocessing = 0;
		};
/* End PBXSourcesBuildPhase section */

/* Begin PBXTargetDependency section */
		0D85F0CF24A5EF100085765E /* PBXTargetDependency */ = {
			isa = PBXTargetDependency;
			target = 0D85F0B624A5EF0F0085765E /* Landmarks */;
			targetProxy = 0D85F0CE24A5EF100085765E /* PBXContainerItemProxy */;
		};
		0D85F0DA24A5EF100085765E /* PBXTargetDependency */ = {
			isa = PBXTargetDependency;
			target = 0D85F0B624A5EF0F0085765E /* Landmarks */;
			targetProxy = 0D85F0D924A5EF100085765E /* PBXContainerItemProxy */;
		};
/* End PBXTargetDependency section */

/* Begin PBXVariantGroup section */
		0D85F0C524A5EF100085765E /* LaunchScreen.storyboard */ = {
			isa = PBXVariantGroup;
			children = (
				0D85F0C624A5EF100085765E /* Base */,
			);
			name = LaunchScreen.storyboard;
			sourceTree = "<group>";
		};
/* End PBXVariantGroup section */

/* Begin XCBuildConfiguration section */
		0D85F0DF24A5EF100085765E /* Debug */ = {
			isa = XCBuildConfiguration;
			buildSettings = {
				ALWAYS_SEARCH_USER_PATHS = NO;
				CLANG_ANALYZER_NONNULL = YES;
				CLANG_ANALYZER_NUMBER_OBJECT_CONVERSION = YES_AGGRESSIVE;
				CLANG_CXX_LANGUAGE_STANDARD = "gnu++14";
				CLANG_CXX_LIBRARY = "libc++";
				CLANG_ENABLE_MODULES = YES;
				CLANG_ENABLE_OBJC_ARC = YES;
				CLANG_ENABLE_OBJC_WEAK = YES;
				CLANG_WARN_BLOCK_CAPTURE_AUTORELEASING = YES;
				CLANG_WARN_BOOL_CONVERSION = YES;
				CLANG_WARN_COMMA = YES;
				CLANG_WARN_CONSTANT_CONVERSION = YES;
				CLANG_WARN_DEPRECATED_OBJC_IMPLEMENTATIONS = YES;
				CLANG_WARN_DIRECT_OBJC_ISA_USAGE = YES_ERROR;
				CLANG_WARN_DOCUMENTATION_COMMENTS = YES;
				CLANG_WARN_EMPTY_BODY = YES;
				CLANG_WARN_ENUM_CONVERSION = YES;
				CLANG_WARN_INFINITE_RECURSION = YES;
				CLANG_WARN_INT_CONVERSION = YES;
				CLANG_WARN_NON_LITERAL_NULL_CONVERSION = YES;
				CLANG_WARN_OBJC_IMPLICIT_RETAIN_SELF = YES;
				CLANG_WARN_OBJC_LITERAL_CONVERSION = YES;
				CLANG_WARN_OBJC_ROOT_CLASS = YES_ERROR;
				CLANG_WARN_RANGE_LOOP_ANALYSIS = YES;
				CLANG_WARN_STRICT_PROTOTYPES = YES;
				CLANG_WARN_SUSPICIOUS_MOVE = YES;
				CLANG_WARN_UNGUARDED_AVAILABILITY = YES_AGGRESSIVE;
				CLANG_WARN_UNREACHABLE_CODE = YES;
				CLANG_WARN__DUPLICATE_METHOD_MATCH = YES;
				COPY_PHASE_STRIP = NO;
				DEBUG_INFORMATION_FORMAT = dwarf;
				ENABLE_STRICT_OBJC_MSGSEND = YES;
				ENABLE_TESTABILITY = YES;
				GCC_C_LANGUAGE_STANDARD = gnu11;
				GCC_DYNAMIC_NO_PIC = NO;
				GCC_NO_COMMON_BLOCKS = YES;
				GCC_OPTIMIZATION_LEVEL = 0;
				GCC_PREPROCESSOR_DEFINITIONS = (
					"DEBUG=1",
					"$(inherited)",
				);
				GCC_WARN_64_TO_32_BIT_CONVERSION = YES;
				GCC_WARN_ABOUT_RETURN_TYPE = YES_ERROR;
				GCC_WARN_UNDECLARED_SELECTOR = YES;
				GCC_WARN_UNINITIALIZED_AUTOS = YES_AGGRESSIVE;
				GCC_WARN_UNUSED_FUNCTION = YES;
				GCC_WARN_UNUSED_VARIABLE = YES;
				IPHONEOS_DEPLOYMENT_TARGET = 13.5;
				MTL_ENABLE_DEBUG_INFO = INCLUDE_SOURCE;
				MTL_FAST_MATH = YES;
				ONLY_ACTIVE_ARCH = YES;
				SDKROOT = iphoneos;
				SWIFT_ACTIVE_COMPILATION_CONDITIONS = DEBUG;
				SWIFT_OPTIMIZATION_LEVEL = "-Onone";
			};
			name = Debug;
		};
		0D85F0E024A5EF100085765E /* Release */ = {
			isa = XCBuildConfiguration;
			buildSettings = {
				ALWAYS_SEARCH_USER_PATHS = NO;
				CLANG_ANALYZER_NONNULL = YES;
				CLANG_ANALYZER_NUMBER_OBJECT_CONVERSION = YES_AGGRESSIVE;
				CLANG_CXX_LANGUAGE_STANDARD = "gnu++14";
				CLANG_CXX_LIBRARY = "libc++";
				CLANG_ENABLE_MODULES = YES;
				CLANG_ENABLE_OBJC_ARC = YES;
				CLANG_ENABLE_OBJC_WEAK = YES;
				CLANG_WARN_BLOCK_CAPTURE_AUTORELEASING = YES;
				CLANG_WARN_BOOL_CONVERSION = YES;
				CLANG_WARN_COMMA = YES;
				CLANG_WARN_CONSTANT_CONVERSION = YES;
				CLANG_WARN_DEPRECATED_OBJC_IMPLEMENTATIONS = YES;
				CLANG_WARN_DIRECT_OBJC_ISA_USAGE = YES_ERROR;
				CLANG_WARN_DOCUMENTATION_COMMENTS = YES;
				CLANG_WARN_EMPTY_BODY = YES;
				CLANG_WARN_ENUM_CONVERSION = YES;
				CLANG_WARN_INFINITE_RECURSION = YES;
				CLANG_WARN_INT_CONVERSION = YES;
				CLANG_WARN_NON_LITERAL_NULL_CONVERSION = YES;
				CLANG_WARN_OBJC_IMPLICIT_RETAIN_SELF = YES;
				CLANG_WARN_OBJC_LITERAL_CONVERSION = YES;
				CLANG_WARN_OBJC_ROOT_CLASS = YES_ERROR;
				CLANG_WARN_RANGE_LOOP_ANALYSIS = YES;
				CLANG_WARN_STRICT_PROTOTYPES = YES;
				CLANG_WARN_SUSPICIOUS_MOVE = YES;
				CLANG_WARN_UNGUARDED_AVAILABILITY = YES_AGGRESSIVE;
				CLANG_WARN_UNREACHABLE_CODE = YES;
				CLANG_WARN__DUPLICATE_METHOD_MATCH = YES;
				COPY_PHASE_STRIP = NO;
				DEBUG_INFORMATION_FORMAT = "dwarf-with-dsym";
				ENABLE_NS_ASSERTIONS = NO;
				ENABLE_STRICT_OBJC_MSGSEND = YES;
				GCC_C_LANGUAGE_STANDARD = gnu11;
				GCC_NO_COMMON_BLOCKS = YES;
				GCC_WARN_64_TO_32_BIT_CONVERSION = YES;
				GCC_WARN_ABOUT_RETURN_TYPE = YES_ERROR;
				GCC_WARN_UNDECLARED_SELECTOR = YES;
				GCC_WARN_UNINITIALIZED_AUTOS = YES_AGGRESSIVE;
				GCC_WARN_UNUSED_FUNCTION = YES;
				GCC_WARN_UNUSED_VARIABLE = YES;
				IPHONEOS_DEPLOYMENT_TARGET = 13.5;
				MTL_ENABLE_DEBUG_INFO = NO;
				MTL_FAST_MATH = YES;
				SDKROOT = iphoneos;
				SWIFT_COMPILATION_MODE = wholemodule;
				SWIFT_OPTIMIZATION_LEVEL = "-O";
				VALIDATE_PRODUCT = YES;
			};
			name = Release;
		};
		0D85F0E224A5EF100085765E /* Debug */ = {
			isa = XCBuildConfiguration;
			buildSettings = {
				ASSETCATALOG_COMPILER_APPICON_NAME = AppIcon;
				CODE_SIGN_STYLE = Automatic;
				DEVELOPMENT_ASSET_PATHS = "\"Landmarks/Preview Content\"";
				ENABLE_PREVIEWS = YES;
				INFOPLIST_FILE = Landmarks/Info.plist;
				LD_RUNPATH_SEARCH_PATHS = (
					"$(inherited)",
					"@executable_path/Frameworks",
				);
				PRODUCT_BUNDLE_IDENTIFIER = mnrn.Landmarks;
				PRODUCT_NAME = "$(TARGET_NAME)";
				SWIFT_VERSION = 5.0;
				TARGETED_DEVICE_FAMILY = "1,2";
			};
			name = Debug;
		};
		0D85F0E324A5EF100085765E /* Release */ = {
			isa = XCBuildConfiguration;
			buildSettings = {
				ASSETCATALOG_COMPILER_APPICON_NAME = AppIcon;
				CODE_SIGN_STYLE = Automatic;
				DEVELOPMENT_ASSET_PATHS = "\"Landmarks/Preview Content\"";
				ENABLE_PREVIEWS = YES;
				INFOPLIST_FILE = Landmarks/Info.plist;
				LD_RUNPATH_SEARCH_PATHS = (
					"$(inherited)",
					"@executable_path/Frameworks",
				);
				PRODUCT_BUNDLE_IDENTIFIER = mnrn.Landmarks;
				PRODUCT_NAME = "$(TARGET_NAME)";
				SWIFT_VERSION = 5.0;
				TARGETED_DEVICE_FAMILY = "1,2";
			};
			name = Release;
		};
		0D85F0E524A5EF100085765E /* Debug */ = {
			isa = XCBuildConfiguration;
			buildSettings = {
				ALWAYS_EMBED_SWIFT_STANDARD_LIBRARIES = YES;
				BUNDLE_LOADER = "$(TEST_HOST)";
				CODE_SIGN_STYLE = Automatic;
				INFOPLIST_FILE = LandmarksTests/Info.plist;
				IPHONEOS_DEPLOYMENT_TARGET = 13.5;
				LD_RUNPATH_SEARCH_PATHS = (
					"$(inherited)",
					"@executable_path/Frameworks",
					"@loader_path/Frameworks",
				);
				PRODUCT_BUNDLE_IDENTIFIER = mnrn.LandmarksTests;
				PRODUCT_NAME = "$(TARGET_NAME)";
				SWIFT_VERSION = 5.0;
				TARGETED_DEVICE_FAMILY = "1,2";
				TEST_HOST = "$(BUILT_PRODUCTS_DIR)/Landmarks.app/Landmarks";
			};
			name = Debug;
		};
		0D85F0E624A5EF100085765E /* Release */ = {
			isa = XCBuildConfiguration;
			buildSettings = {
				ALWAYS_EMBED_SWIFT_STANDARD_LIBRARIES = YES;
				BUNDLE_LOADER = "$(TEST_HOST)";
				CODE_SIGN_STYLE = Automatic;
				INFOPLIST_FILE = LandmarksTests/Info.plist;
				IPHONEOS_DEPLOYMENT_TARGET = 13.5;
				LD_RUNPATH_SEARCH_PATHS = (
					"$(inherited)",
					"@executable_path/Frameworks",
					"@loader_path/Frameworks",
				);
				PRODUCT_BUNDLE_IDENTIFIER = mnrn.LandmarksTests;
				PRODUCT_NAME = "$(TARGET_NAME)";
				SWIFT_VERSION = 5.0;
				TARGETED_DEVICE_FAMILY = "1,2";
				TEST_HOST = "$(BUILT_PRODUCTS_DIR)/Landmarks.app/Landmarks";
			};
			name = Release;
		};
		0D85F0E824A5EF100085765E /* Debug */ = {
			isa = XCBuildConfiguration;
			buildSettings = {
				ALWAYS_EMBED_SWIFT_STANDARD_LIBRARIES = YES;
				CODE_SIGN_STYLE = Automatic;
				INFOPLIST_FILE = LandmarksUITests/Info.plist;
				LD_RUNPATH_SEARCH_PATHS = (
					"$(inherited)",
					"@executable_path/Frameworks",
					"@loader_path/Frameworks",
				);
				PRODUCT_BUNDLE_IDENTIFIER = mnrn.LandmarksUITests;
				PRODUCT_NAME = "$(TARGET_NAME)";
				SWIFT_VERSION = 5.0;
				TARGETED_DEVICE_FAMILY = "1,2";
				TEST_TARGET_NAME = Landmarks;
			};
			name = Debug;
		};
		0D85F0E924A5EF100085765E /* Release */ = {
			isa = XCBuildConfiguration;
			buildSettings = {
				ALWAYS_EMBED_SWIFT_STANDARD_LIBRARIES = YES;
				CODE_SIGN_STYLE = Automatic;
				INFOPLIST_FILE = LandmarksUITests/Info.plist;
				LD_RUNPATH_SEARCH_PATHS = (
					"$(inherited)",
					"@executable_path/Frameworks",
					"@loader_path/Frameworks",
				);
				PRODUCT_BUNDLE_IDENTIFIER = mnrn.LandmarksUITests;
				PRODUCT_NAME = "$(TARGET_NAME)";
				SWIFT_VERSION = 5.0;
				TARGETED_DEVICE_FAMILY = "1,2";
				TEST_TARGET_NAME = Landmarks;
			};
			name = Release;
		};
/* End XCBuildConfiguration section */

/* Begin XCConfigurationList section */
		0D85F0B224A5EF0F0085765E /* Build configuration list for PBXProject "Landmarks" */ = {
			isa = XCConfigurationList;
			buildConfigurations = (
				0D85F0DF24A5EF100085765E /* Debug */,
				0D85F0E024A5EF100085765E /* Release */,
			);
			defaultConfigurationIsVisible = 0;
			defaultConfigurationName = Release;
		};
		0D85F0E124A5EF100085765E /* Build configuration list for PBXNativeTarget "Landmarks" */ = {
			isa = XCConfigurationList;
			buildConfigurations = (
				0D85F0E224A5EF100085765E /* Debug */,
				0D85F0E324A5EF100085765E /* Release */,
			);
			defaultConfigurationIsVisible = 0;
			defaultConfigurationName = Release;
		};
		0D85F0E424A5EF100085765E /* Build configuration list for PBXNativeTarget "LandmarksTests" */ = {
			isa = XCConfigurationList;
			buildConfigurations = (
				0D85F0E524A5EF100085765E /* Debug */,
				0D85F0E624A5EF100085765E /* Release */,
			);
			defaultConfigurationIsVisible = 0;
			defaultConfigurationName = Release;
		};
		0D85F0E724A5EF100085765E /* Build configuration list for PBXNativeTarget "LandmarksUITests" */ = {
			isa = XCConfigurationList;
			buildConfigurations = (
				0D85F0E824A5EF100085765E /* Debug */,
				0D85F0E924A5EF100085765E /* Release */,
			);
			defaultConfigurationIsVisible = 0;
			defaultConfigurationName = Release;
		};
/* End XCConfigurationList section */
	};
	rootObject = 0D85F0AF24A5EF0F0085765E /* Project object */;
}
